// !$*UTF8*$!
{
	archiveVersion = 1;
	classes = {
	};
	objectVersion = 51;
	objects = {

/* Begin PBXBuildFile section */
		036F5C12AEEFFF9F27BF6007 /* Pods_Contacts.framework in Frameworks */ = {isa = PBXBuildFile; fileRef = 9AD0EA83A5D0A945A78F56A3 /* Pods_Contacts.framework */; };
		11BFD2E72347488A008123C5 /* Environment.swift in Sources */ = {isa = PBXBuildFile; fileRef = 11BFD2E62347488A008123C5 /* Environment.swift */; };
		11BFD2F523474EA8008123C5 /* Assets.xcassets in Resources */ = {isa = PBXBuildFile; fileRef = 11BFD2F423474EA8008123C5 /* Assets.xcassets */; };
		11BFD2F9234750FE008123C5 /* Localized+Runtime.swift in Sources */ = {isa = PBXBuildFile; fileRef = 11BFD2F8234750FE008123C5 /* Localized+Runtime.swift */; };
		11BFD2FB23475149008123C5 /* Localized.swift in Sources */ = {isa = PBXBuildFile; fileRef = 11BFD2FA23475149008123C5 /* Localized.swift */; };
		11BFD2FE234752AC008123C5 /* Localizable.strings in Resources */ = {isa = PBXBuildFile; fileRef = 11BFD300234752AC008123C5 /* Localizable.strings */; };
		11BFD30423475CE8008123C5 /* KeyValuePersistence.swift in Sources */ = {isa = PBXBuildFile; fileRef = 11BFD30323475CE8008123C5 /* KeyValuePersistence.swift */; };
		11BFD30623475CFC008123C5 /* PersistanceManager.swift in Sources */ = {isa = PBXBuildFile; fileRef = 11BFD30523475CFB008123C5 /* PersistanceManager.swift */; };
		11BFD30823475E3B008123C5 /* StaticHeaderPlugin.swift in Sources */ = {isa = PBXBuildFile; fileRef = 11BFD30723475E3B008123C5 /* StaticHeaderPlugin.swift */; };
		11BFD30A23475E50008123C5 /* NetworkDefaults.swift in Sources */ = {isa = PBXBuildFile; fileRef = 11BFD30923475E50008123C5 /* NetworkDefaults.swift */; };
		11BFD30C23475E61008123C5 /* NetworkError.swift in Sources */ = {isa = PBXBuildFile; fileRef = 11BFD30B23475E61008123C5 /* NetworkError.swift */; };
		11BFD30F23475E7E008123C5 /* NetworkManager.swift in Sources */ = {isa = PBXBuildFile; fileRef = 11BFD30E23475E7E008123C5 /* NetworkManager.swift */; };
		11BFD3112347626D008123C5 /* AppDelegate+Extension.swift in Sources */ = {isa = PBXBuildFile; fileRef = 11BFD3102347626D008123C5 /* AppDelegate+Extension.swift */; };
		11BFD313234765A3008123C5 /* Container.swift in Sources */ = {isa = PBXBuildFile; fileRef = 11BFD312234765A3008123C5 /* Container.swift */; };
		11BFD3152347669E008123C5 /* AppNavigationController.swift in Sources */ = {isa = PBXBuildFile; fileRef = 11BFD3142347669E008123C5 /* AppNavigationController.swift */; };
		11BFD317234767E2008123C5 /* BaseProtocol.swift in Sources */ = {isa = PBXBuildFile; fileRef = 11BFD316234767E2008123C5 /* BaseProtocol.swift */; };
		11BFD319234767F2008123C5 /* BaseView.swift in Sources */ = {isa = PBXBuildFile; fileRef = 11BFD318234767F2008123C5 /* BaseView.swift */; };
		11BFD31B23476805008123C5 /* BaseViewController.swift in Sources */ = {isa = PBXBuildFile; fileRef = 11BFD31A23476805008123C5 /* BaseViewController.swift */; };
		11BFD31D234769C6008123C5 /* Loader.swift in Sources */ = {isa = PBXBuildFile; fileRef = 11BFD31C234769C6008123C5 /* Loader.swift */; };
		11BFD32523476C0F008123C5 /* ContactsPresenter.swift in Sources */ = {isa = PBXBuildFile; fileRef = 11BFD31F23476C0F008123C5 /* ContactsPresenter.swift */; };
		11BFD32623476C0F008123C5 /* ContactsRouter.swift in Sources */ = {isa = PBXBuildFile; fileRef = 11BFD32023476C0F008123C5 /* ContactsRouter.swift */; };
		11BFD32723476C0F008123C5 /* ContactsViewController.swift in Sources */ = {isa = PBXBuildFile; fileRef = 11BFD32123476C0F008123C5 /* ContactsViewController.swift */; };
		11BFD32823476C0F008123C5 /* ContactsProtocols.swift in Sources */ = {isa = PBXBuildFile; fileRef = 11BFD32223476C0F008123C5 /* ContactsProtocols.swift */; };
		11BFD32923476C0F008123C5 /* ContactsInteractor.swift in Sources */ = {isa = PBXBuildFile; fileRef = 11BFD32323476C0F008123C5 /* ContactsInteractor.swift */; };
		11BFD32A23476C0F008123C5 /* ContactsViewController.xib in Resources */ = {isa = PBXBuildFile; fileRef = 11BFD32423476C0F008123C5 /* ContactsViewController.xib */; };
		11BFD32C23477272008123C5 /* Contact.swift in Sources */ = {isa = PBXBuildFile; fileRef = 11BFD32B23477272008123C5 /* Contact.swift */; };
		11BFD32F23477CA9008123C5 /* ContactService.swift in Sources */ = {isa = PBXBuildFile; fileRef = 11BFD32E23477CA9008123C5 /* ContactService.swift */; };
		11BFD33123477CC1008123C5 /* NetworkService+ContactService.swift in Sources */ = {isa = PBXBuildFile; fileRef = 11BFD33023477CC1008123C5 /* NetworkService+ContactService.swift */; };
		11BFD334234786B6008123C5 /* ContactCell.swift in Sources */ = {isa = PBXBuildFile; fileRef = 11BFD333234786B6008123C5 /* ContactCell.swift */; };
		11BFD336234786CA008123C5 /* ContactCell.xib in Resources */ = {isa = PBXBuildFile; fileRef = 11BFD335234786CA008123C5 /* ContactCell.xib */; };
		11BFD3382347884D008123C5 /* NsObject.swift in Sources */ = {isa = PBXBuildFile; fileRef = 11BFD3372347884D008123C5 /* NsObject.swift */; };
		11BFD33A23478A5D008123C5 /* ContactTableSection.swift in Sources */ = {isa = PBXBuildFile; fileRef = 11BFD33923478A5D008123C5 /* ContactTableSection.swift */; };
		11BFD33C23478EC8008123C5 /* ContactViewModel.swift in Sources */ = {isa = PBXBuildFile; fileRef = 11BFD33B23478EC8008123C5 /* ContactViewModel.swift */; };
		11BFD33E2347B443008123C5 /* Assets.swift in Sources */ = {isa = PBXBuildFile; fileRef = 11BFD33D2347B443008123C5 /* Assets.swift */; };
		11BFD3462347BC01008123C5 /* ContactDetailsPresenter.swift in Sources */ = {isa = PBXBuildFile; fileRef = 11BFD3402347BC01008123C5 /* ContactDetailsPresenter.swift */; };
		11BFD3472347BC01008123C5 /* ContactDetailsRouter.swift in Sources */ = {isa = PBXBuildFile; fileRef = 11BFD3412347BC01008123C5 /* ContactDetailsRouter.swift */; };
		11BFD3482347BC01008123C5 /* ContactDetailsViewController.swift in Sources */ = {isa = PBXBuildFile; fileRef = 11BFD3422347BC01008123C5 /* ContactDetailsViewController.swift */; };
		11BFD3492347BC01008123C5 /* ContactDetailsProtocols.swift in Sources */ = {isa = PBXBuildFile; fileRef = 11BFD3432347BC01008123C5 /* ContactDetailsProtocols.swift */; };
		11BFD34A2347BC01008123C5 /* ContactDetailsInteractor.swift in Sources */ = {isa = PBXBuildFile; fileRef = 11BFD3442347BC01008123C5 /* ContactDetailsInteractor.swift */; };
		11BFD34B2347BC01008123C5 /* ContactDetailsViewController.xib in Resources */ = {isa = PBXBuildFile; fileRef = 11BFD3452347BC01008123C5 /* ContactDetailsViewController.xib */; };
		11BFD34F2347E71C008123C5 /* UiImage.swift in Sources */ = {isa = PBXBuildFile; fileRef = 11BFD34E2347E71C008123C5 /* UiImage.swift */; };
		11BFD3512347EA75008123C5 /* UiView.swift in Sources */ = {isa = PBXBuildFile; fileRef = 11BFD3502347EA75008123C5 /* UiView.swift */; };
		11CB44742348AA7C0048DDEC /* EditContactPresenter.swift in Sources */ = {isa = PBXBuildFile; fileRef = 11CB446E2348AA7C0048DDEC /* EditContactPresenter.swift */; };
		11CB44752348AA7C0048DDEC /* EditContactRouter.swift in Sources */ = {isa = PBXBuildFile; fileRef = 11CB446F2348AA7C0048DDEC /* EditContactRouter.swift */; };
		11CB44762348AA7C0048DDEC /* EditContactViewController.swift in Sources */ = {isa = PBXBuildFile; fileRef = 11CB44702348AA7C0048DDEC /* EditContactViewController.swift */; };
		11CB44772348AA7C0048DDEC /* EditContactProtocols.swift in Sources */ = {isa = PBXBuildFile; fileRef = 11CB44712348AA7C0048DDEC /* EditContactProtocols.swift */; };
		11CB44782348AA7C0048DDEC /* EditContactInteractor.swift in Sources */ = {isa = PBXBuildFile; fileRef = 11CB44722348AA7C0048DDEC /* EditContactInteractor.swift */; };
		11CB44792348AA7C0048DDEC /* EditContactViewController.xib in Resources */ = {isa = PBXBuildFile; fileRef = 11CB44732348AA7C0048DDEC /* EditContactViewController.xib */; };
		11CB447B2348B3540048DDEC /* SortTableSections.swift in Sources */ = {isa = PBXBuildFile; fileRef = 11CB447A2348B3540048DDEC /* SortTableSections.swift */; };
		8412B6C821FFFD7D00EA728D /* AppDelegate.swift in Sources */ = {isa = PBXBuildFile; fileRef = 8412B6C721FFFD7D00EA728D /* AppDelegate.swift */; };
		8412B6CD21FFFD7D00EA728D /* Main.storyboard in Resources */ = {isa = PBXBuildFile; fileRef = 8412B6CB21FFFD7D00EA728D /* Main.storyboard */; };
		8412B6D221FFFD8100EA728D /* LaunchScreen.storyboard in Resources */ = {isa = PBXBuildFile; fileRef = 8412B6D021FFFD8100EA728D /* LaunchScreen.storyboard */; };
/* End PBXBuildFile section */

/* Begin PBXFileReference section */
		0C42CE384B763ED8C3D5DD58 /* Pods-Contacts.release.xcconfig */ = {isa = PBXFileReference; includeInIndex = 1; lastKnownFileType = text.xcconfig; name = "Pods-Contacts.release.xcconfig"; path = "Target Support Files/Pods-Contacts/Pods-Contacts.release.xcconfig"; sourceTree = "<group>"; };
		11BFD2E62347488A008123C5 /* Environment.swift */ = {isa = PBXFileReference; lastKnownFileType = sourcecode.swift; path = Environment.swift; sourceTree = "<group>"; };
		11BFD2E8234748BD008123C5 /* stage.xcconfig */ = {isa = PBXFileReference; lastKnownFileType = text.xcconfig; path = stage.xcconfig; sourceTree = "<group>"; };
		11BFD2EB234748FE008123C5 /* live.xcconfig */ = {isa = PBXFileReference; lastKnownFileType = text.xcconfig; path = live.xcconfig; sourceTree = "<group>"; };
		11BFD2F423474EA8008123C5 /* Assets.xcassets */ = {isa = PBXFileReference; lastKnownFileType = folder.assetcatalog; path = Assets.xcassets; sourceTree = "<group>"; };
		11BFD2F8234750FE008123C5 /* Localized+Runtime.swift */ = {isa = PBXFileReference; lastKnownFileType = sourcecode.swift; path = "Localized+Runtime.swift"; sourceTree = "<group>"; };
		11BFD2FA23475149008123C5 /* Localized.swift */ = {isa = PBXFileReference; lastKnownFileType = sourcecode.swift; path = Localized.swift; sourceTree = "<group>"; };
		11BFD2FF234752AC008123C5 /* en */ = {isa = PBXFileReference; lastKnownFileType = text.plist.strings; name = en; path = en.lproj/Localizable.strings; sourceTree = "<group>"; };
		11BFD30323475CE8008123C5 /* KeyValuePersistence.swift */ = {isa = PBXFileReference; lastKnownFileType = sourcecode.swift; path = KeyValuePersistence.swift; sourceTree = "<group>"; };
		11BFD30523475CFB008123C5 /* PersistanceManager.swift */ = {isa = PBXFileReference; lastKnownFileType = sourcecode.swift; path = PersistanceManager.swift; sourceTree = "<group>"; };
		11BFD30723475E3B008123C5 /* StaticHeaderPlugin.swift */ = {isa = PBXFileReference; lastKnownFileType = sourcecode.swift; path = StaticHeaderPlugin.swift; sourceTree = "<group>"; };
		11BFD30923475E50008123C5 /* NetworkDefaults.swift */ = {isa = PBXFileReference; lastKnownFileType = sourcecode.swift; path = NetworkDefaults.swift; sourceTree = "<group>"; };
		11BFD30B23475E61008123C5 /* NetworkError.swift */ = {isa = PBXFileReference; lastKnownFileType = sourcecode.swift; path = NetworkError.swift; sourceTree = "<group>"; };
		11BFD30E23475E7E008123C5 /* NetworkManager.swift */ = {isa = PBXFileReference; lastKnownFileType = sourcecode.swift; path = NetworkManager.swift; sourceTree = "<group>"; };
		11BFD3102347626D008123C5 /* AppDelegate+Extension.swift */ = {isa = PBXFileReference; lastKnownFileType = sourcecode.swift; path = "AppDelegate+Extension.swift"; sourceTree = "<group>"; };
		11BFD312234765A3008123C5 /* Container.swift */ = {isa = PBXFileReference; lastKnownFileType = sourcecode.swift; path = Container.swift; sourceTree = "<group>"; };
		11BFD3142347669E008123C5 /* AppNavigationController.swift */ = {isa = PBXFileReference; lastKnownFileType = sourcecode.swift; path = AppNavigationController.swift; sourceTree = "<group>"; };
		11BFD316234767E2008123C5 /* BaseProtocol.swift */ = {isa = PBXFileReference; lastKnownFileType = sourcecode.swift; path = BaseProtocol.swift; sourceTree = "<group>"; };
		11BFD318234767F2008123C5 /* BaseView.swift */ = {isa = PBXFileReference; lastKnownFileType = sourcecode.swift; path = BaseView.swift; sourceTree = "<group>"; };
		11BFD31A23476805008123C5 /* BaseViewController.swift */ = {isa = PBXFileReference; lastKnownFileType = sourcecode.swift; path = BaseViewController.swift; sourceTree = "<group>"; };
		11BFD31C234769C6008123C5 /* Loader.swift */ = {isa = PBXFileReference; lastKnownFileType = sourcecode.swift; path = Loader.swift; sourceTree = "<group>"; };
		11BFD31F23476C0F008123C5 /* ContactsPresenter.swift */ = {isa = PBXFileReference; lastKnownFileType = sourcecode.swift; path = ContactsPresenter.swift; sourceTree = "<group>"; };
		11BFD32023476C0F008123C5 /* ContactsRouter.swift */ = {isa = PBXFileReference; lastKnownFileType = sourcecode.swift; path = ContactsRouter.swift; sourceTree = "<group>"; };
		11BFD32123476C0F008123C5 /* ContactsViewController.swift */ = {isa = PBXFileReference; lastKnownFileType = sourcecode.swift; path = ContactsViewController.swift; sourceTree = "<group>"; };
		11BFD32223476C0F008123C5 /* ContactsProtocols.swift */ = {isa = PBXFileReference; lastKnownFileType = sourcecode.swift; path = ContactsProtocols.swift; sourceTree = "<group>"; };
		11BFD32323476C0F008123C5 /* ContactsInteractor.swift */ = {isa = PBXFileReference; lastKnownFileType = sourcecode.swift; path = ContactsInteractor.swift; sourceTree = "<group>"; };
		11BFD32423476C0F008123C5 /* ContactsViewController.xib */ = {isa = PBXFileReference; lastKnownFileType = file.xib; path = ContactsViewController.xib; sourceTree = "<group>"; };
		11BFD32B23477272008123C5 /* Contact.swift */ = {isa = PBXFileReference; lastKnownFileType = sourcecode.swift; path = Contact.swift; sourceTree = "<group>"; };
		11BFD32E23477CA9008123C5 /* ContactService.swift */ = {isa = PBXFileReference; lastKnownFileType = sourcecode.swift; path = ContactService.swift; sourceTree = "<group>"; };
		11BFD33023477CC1008123C5 /* NetworkService+ContactService.swift */ = {isa = PBXFileReference; lastKnownFileType = sourcecode.swift; path = "NetworkService+ContactService.swift"; sourceTree = "<group>"; };
		11BFD333234786B6008123C5 /* ContactCell.swift */ = {isa = PBXFileReference; lastKnownFileType = sourcecode.swift; path = ContactCell.swift; sourceTree = "<group>"; };
		11BFD335234786CA008123C5 /* ContactCell.xib */ = {isa = PBXFileReference; lastKnownFileType = file.xib; path = ContactCell.xib; sourceTree = "<group>"; };
		11BFD3372347884D008123C5 /* NsObject.swift */ = {isa = PBXFileReference; lastKnownFileType = sourcecode.swift; path = NsObject.swift; sourceTree = "<group>"; };
		11BFD33923478A5D008123C5 /* ContactTableSection.swift */ = {isa = PBXFileReference; lastKnownFileType = sourcecode.swift; path = ContactTableSection.swift; sourceTree = "<group>"; };
		11BFD33B23478EC8008123C5 /* ContactViewModel.swift */ = {isa = PBXFileReference; lastKnownFileType = sourcecode.swift; path = ContactViewModel.swift; sourceTree = "<group>"; };
		11BFD33D2347B443008123C5 /* Assets.swift */ = {isa = PBXFileReference; fileEncoding = 4; lastKnownFileType = sourcecode.swift; path = Assets.swift; sourceTree = "<group>"; };
		11BFD3402347BC01008123C5 /* ContactDetailsPresenter.swift */ = {isa = PBXFileReference; lastKnownFileType = sourcecode.swift; path = ContactDetailsPresenter.swift; sourceTree = "<group>"; };
		11BFD3412347BC01008123C5 /* ContactDetailsRouter.swift */ = {isa = PBXFileReference; lastKnownFileType = sourcecode.swift; path = ContactDetailsRouter.swift; sourceTree = "<group>"; };
		11BFD3422347BC01008123C5 /* ContactDetailsViewController.swift */ = {isa = PBXFileReference; lastKnownFileType = sourcecode.swift; path = ContactDetailsViewController.swift; sourceTree = "<group>"; };
		11BFD3432347BC01008123C5 /* ContactDetailsProtocols.swift */ = {isa = PBXFileReference; lastKnownFileType = sourcecode.swift; path = ContactDetailsProtocols.swift; sourceTree = "<group>"; };
		11BFD3442347BC01008123C5 /* ContactDetailsInteractor.swift */ = {isa = PBXFileReference; lastKnownFileType = sourcecode.swift; path = ContactDetailsInteractor.swift; sourceTree = "<group>"; };
		11BFD3452347BC01008123C5 /* ContactDetailsViewController.xib */ = {isa = PBXFileReference; lastKnownFileType = file.xib; path = ContactDetailsViewController.xib; sourceTree = "<group>"; };
		11BFD34E2347E71C008123C5 /* UiImage.swift */ = {isa = PBXFileReference; lastKnownFileType = sourcecode.swift; path = UiImage.swift; sourceTree = "<group>"; };
		11BFD3502347EA75008123C5 /* UiView.swift */ = {isa = PBXFileReference; lastKnownFileType = sourcecode.swift; path = UiView.swift; sourceTree = "<group>"; };
		11CB446E2348AA7C0048DDEC /* EditContactPresenter.swift */ = {isa = PBXFileReference; lastKnownFileType = sourcecode.swift; path = EditContactPresenter.swift; sourceTree = "<group>"; };
		11CB446F2348AA7C0048DDEC /* EditContactRouter.swift */ = {isa = PBXFileReference; lastKnownFileType = sourcecode.swift; path = EditContactRouter.swift; sourceTree = "<group>"; };
		11CB44702348AA7C0048DDEC /* EditContactViewController.swift */ = {isa = PBXFileReference; lastKnownFileType = sourcecode.swift; path = EditContactViewController.swift; sourceTree = "<group>"; };
		11CB44712348AA7C0048DDEC /* EditContactProtocols.swift */ = {isa = PBXFileReference; lastKnownFileType = sourcecode.swift; path = EditContactProtocols.swift; sourceTree = "<group>"; };
		11CB44722348AA7C0048DDEC /* EditContactInteractor.swift */ = {isa = PBXFileReference; lastKnownFileType = sourcecode.swift; path = EditContactInteractor.swift; sourceTree = "<group>"; };
		11CB44732348AA7C0048DDEC /* EditContactViewController.xib */ = {isa = PBXFileReference; lastKnownFileType = file.xib; path = EditContactViewController.xib; sourceTree = "<group>"; };
		11CB447A2348B3540048DDEC /* SortTableSections.swift */ = {isa = PBXFileReference; lastKnownFileType = sourcecode.swift; path = SortTableSections.swift; sourceTree = "<group>"; };
		52E9ABDEA9F0A78E8EFD6245 /* Pods-Contacts.live debug.xcconfig */ = {isa = PBXFileReference; includeInIndex = 1; lastKnownFileType = text.xcconfig; name = "Pods-Contacts.live debug.xcconfig"; path = "Target Support Files/Pods-Contacts/Pods-Contacts.live debug.xcconfig"; sourceTree = "<group>"; };
		710FAB9EDD9617659D6EE143 /* Pods-Contacts.debug.xcconfig */ = {isa = PBXFileReference; includeInIndex = 1; lastKnownFileType = text.xcconfig; name = "Pods-Contacts.debug.xcconfig"; path = "Target Support Files/Pods-Contacts/Pods-Contacts.debug.xcconfig"; sourceTree = "<group>"; };
		8412B6C421FFFD7D00EA728D /* Contacts.app */ = {isa = PBXFileReference; explicitFileType = wrapper.application; includeInIndex = 0; path = Contacts.app; sourceTree = BUILT_PRODUCTS_DIR; };
		8412B6C721FFFD7D00EA728D /* AppDelegate.swift */ = {isa = PBXFileReference; lastKnownFileType = sourcecode.swift; path = AppDelegate.swift; sourceTree = "<group>"; };
		8412B6CC21FFFD7D00EA728D /* Base */ = {isa = PBXFileReference; lastKnownFileType = file.storyboard; name = Base; path = Base.lproj/Main.storyboard; sourceTree = "<group>"; };
		8412B6D121FFFD8100EA728D /* Base */ = {isa = PBXFileReference; lastKnownFileType = file.storyboard; name = Base; path = Base.lproj/LaunchScreen.storyboard; sourceTree = "<group>"; };
		8412B6D321FFFD8100EA728D /* Info.plist */ = {isa = PBXFileReference; lastKnownFileType = text.plist.xml; path = Info.plist; sourceTree = "<group>"; };
		8AFAB4DAE9668BC96696A1E9 /* Pods-Contacts.stage debug.xcconfig */ = {isa = PBXFileReference; includeInIndex = 1; lastKnownFileType = text.xcconfig; name = "Pods-Contacts.stage debug.xcconfig"; path = "Target Support Files/Pods-Contacts/Pods-Contacts.stage debug.xcconfig"; sourceTree = "<group>"; };
		9AD0EA83A5D0A945A78F56A3 /* Pods_Contacts.framework */ = {isa = PBXFileReference; explicitFileType = wrapper.framework; includeInIndex = 0; path = Pods_Contacts.framework; sourceTree = BUILT_PRODUCTS_DIR; };
		A6901CC47D538B51074FF450 /* Pods-Contacts.live release.xcconfig */ = {isa = PBXFileReference; includeInIndex = 1; lastKnownFileType = text.xcconfig; name = "Pods-Contacts.live release.xcconfig"; path = "Target Support Files/Pods-Contacts/Pods-Contacts.live release.xcconfig"; sourceTree = "<group>"; };
		E5EE16F52E1E6964E6543DB0 /* Pods-Contacts.stage release.xcconfig */ = {isa = PBXFileReference; includeInIndex = 1; lastKnownFileType = text.xcconfig; name = "Pods-Contacts.stage release.xcconfig"; path = "Target Support Files/Pods-Contacts/Pods-Contacts.stage release.xcconfig"; sourceTree = "<group>"; };
/* End PBXFileReference section */

/* Begin PBXFrameworksBuildPhase section */
		8412B6C121FFFD7D00EA728D /* Frameworks */ = {
			isa = PBXFrameworksBuildPhase;
			buildActionMask = 2147483647;
			files = (
				036F5C12AEEFFF9F27BF6007 /* Pods_Contacts.framework in Frameworks */,
			);
			runOnlyForDeploymentPostprocessing = 0;
		};
/* End PBXFrameworksBuildPhase section */

/* Begin PBXGroup section */
		11BFD2DA23474667008123C5 /* Scenes */ = {
			isa = PBXGroup;
			children = (
				11CB446D2348AA520048DDEC /* Contact Edit */,
				11BFD33F2347BA28008123C5 /* Contact Details */,
				11BFD31E23476BD6008123C5 /* Home Contacts */,
			);
			path = Scenes;
			sourceTree = "<group>";
		};
		11BFD2DB2347466A008123C5 /* Custom */ = {
			isa = PBXGroup;
			children = (
				11BFD3142347669E008123C5 /* AppNavigationController.swift */,
				11BFD31C234769C6008123C5 /* Loader.swift */,
				11CB447A2348B3540048DDEC /* SortTableSections.swift */,
			);
			path = Custom;
			sourceTree = "<group>";
		};
		11BFD2DC2347467E008123C5 /* Extension */ = {
			isa = PBXGroup;
			children = (
				11BFD3372347884D008123C5 /* NsObject.swift */,
				11BFD34E2347E71C008123C5 /* UiImage.swift */,
				11BFD3502347EA75008123C5 /* UiView.swift */,
			);
			path = Extension;
			sourceTree = "<group>";
		};
		11BFD2DD23474680008123C5 /* Base */ = {
			isa = PBXGroup;
			children = (
				11BFD316234767E2008123C5 /* BaseProtocol.swift */,
				11BFD318234767F2008123C5 /* BaseView.swift */,
				11BFD31A23476805008123C5 /* BaseViewController.swift */,
			);
			path = Base;
			sourceTree = "<group>";
		};
		11BFD2DE23474683008123C5 /* Network Service */ = {
			isa = PBXGroup;
			children = (
				11BFD32D23477BD1008123C5 /* Contacts */,
				11BFD30723475E3B008123C5 /* StaticHeaderPlugin.swift */,
				11BFD30923475E50008123C5 /* NetworkDefaults.swift */,
				11BFD30B23475E61008123C5 /* NetworkError.swift */,
				11BFD30E23475E7E008123C5 /* NetworkManager.swift */,
			);
			path = "Network Service";
			sourceTree = "<group>";
		};
		11BFD2DF23474686008123C5 /* Services */ = {
			isa = PBXGroup;
			children = (
				11BFD30223475CC5008123C5 /* Persistence Manager */,
				11BFD312234765A3008123C5 /* Container.swift */,
			);
			path = Services;
			sourceTree = "<group>";
		};
		11BFD2E023474689008123C5 /* Utilities */ = {
			isa = PBXGroup;
			children = (
			);
			path = Utilities;
			sourceTree = "<group>";
		};
		11BFD2E12347468C008123C5 /* Model */ = {
			isa = PBXGroup;
			children = (
				11BFD32B23477272008123C5 /* Contact.swift */,
				11BFD33923478A5D008123C5 /* ContactTableSection.swift */,
				11BFD33B23478EC8008123C5 /* ContactViewModel.swift */,
			);
			path = Model;
			sourceTree = "<group>";
		};
		11BFD2E2234747AD008123C5 /* AppDelegate */ = {
			isa = PBXGroup;
			children = (
				8412B6C721FFFD7D00EA728D /* AppDelegate.swift */,
				11BFD3102347626D008123C5 /* AppDelegate+Extension.swift */,
			);
			path = AppDelegate;
			sourceTree = "<group>";
		};
		11BFD2E3234747B7008123C5 /* Resources */ = {
			isa = PBXGroup;
			children = (
				11BFD2F7234750C9008123C5 /* Localization */,
				11BFD2F6234750AF008123C5 /* Assets */,
				11BFD2E52347485D008123C5 /* Configuration */,
				8412B6D321FFFD8100EA728D /* Info.plist */,
			);
			path = Resources;
			sourceTree = "<group>";
		};
		11BFD2E423474805008123C5 /* StoryBoards */ = {
			isa = PBXGroup;
			children = (
				8412B6D021FFFD8100EA728D /* LaunchScreen.storyboard */,
				8412B6CB21FFFD7D00EA728D /* Main.storyboard */,
			);
			path = StoryBoards;
			sourceTree = "<group>";
		};
		11BFD2E52347485D008123C5 /* Configuration */ = {
			isa = PBXGroup;
			children = (
				11BFD2E62347488A008123C5 /* Environment.swift */,
				11BFD2E8234748BD008123C5 /* stage.xcconfig */,
				11BFD2EB234748FE008123C5 /* live.xcconfig */,
			);
			path = Configuration;
			sourceTree = "<group>";
		};
		11BFD2F6234750AF008123C5 /* Assets */ = {
			isa = PBXGroup;
			children = (
				11BFD33D2347B443008123C5 /* Assets.swift */,
				11BFD2F423474EA8008123C5 /* Assets.xcassets */,
			);
			path = Assets;
			sourceTree = "<group>";
		};
		11BFD2F7234750C9008123C5 /* Localization */ = {
			isa = PBXGroup;
			children = (
				11BFD2F8234750FE008123C5 /* Localized+Runtime.swift */,
				11BFD2FA23475149008123C5 /* Localized.swift */,
				11BFD300234752AC008123C5 /* Localizable.strings */,
			);
			path = Localization;
			sourceTree = "<group>";
		};
		11BFD30223475CC5008123C5 /* Persistence Manager */ = {
			isa = PBXGroup;
			children = (
				11BFD30323475CE8008123C5 /* KeyValuePersistence.swift */,
				11BFD30523475CFB008123C5 /* PersistanceManager.swift */,
			);
			path = "Persistence Manager";
			sourceTree = "<group>";
		};
		11BFD31E23476BD6008123C5 /* Home Contacts */ = {
			isa = PBXGroup;
			children = (
				11BFD3322347868C008123C5 /* Cells */,
				11BFD31F23476C0F008123C5 /* ContactsPresenter.swift */,
				11BFD32023476C0F008123C5 /* ContactsRouter.swift */,
				11BFD32123476C0F008123C5 /* ContactsViewController.swift */,
				11BFD32223476C0F008123C5 /* ContactsProtocols.swift */,
				11BFD32323476C0F008123C5 /* ContactsInteractor.swift */,
				11BFD32423476C0F008123C5 /* ContactsViewController.xib */,
			);
			path = "Home Contacts";
			sourceTree = "<group>";
		};
		11BFD32D23477BD1008123C5 /* Contacts */ = {
			isa = PBXGroup;
			children = (
				11BFD32E23477CA9008123C5 /* ContactService.swift */,
				11BFD33023477CC1008123C5 /* NetworkService+ContactService.swift */,
			);
			path = Contacts;
			sourceTree = "<group>";
		};
		11BFD3322347868C008123C5 /* Cells */ = {
			isa = PBXGroup;
			children = (
				11BFD333234786B6008123C5 /* ContactCell.swift */,
				11BFD335234786CA008123C5 /* ContactCell.xib */,
			);
			path = Cells;
			sourceTree = "<group>";
		};
		11BFD33F2347BA28008123C5 /* Contact Details */ = {
			isa = PBXGroup;
			children = (
				11BFD3402347BC01008123C5 /* ContactDetailsPresenter.swift */,
				11BFD3412347BC01008123C5 /* ContactDetailsRouter.swift */,
				11BFD3422347BC01008123C5 /* ContactDetailsViewController.swift */,
				11BFD3432347BC01008123C5 /* ContactDetailsProtocols.swift */,
				11BFD3442347BC01008123C5 /* ContactDetailsInteractor.swift */,
				11BFD3452347BC01008123C5 /* ContactDetailsViewController.xib */,
			);
			path = "Contact Details";
			sourceTree = "<group>";
		};
		11CB446D2348AA520048DDEC /* Contact Edit */ = {
			isa = PBXGroup;
			children = (
				11CB446E2348AA7C0048DDEC /* EditContactPresenter.swift */,
				11CB446F2348AA7C0048DDEC /* EditContactRouter.swift */,
				11CB44702348AA7C0048DDEC /* EditContactViewController.swift */,
				11CB44712348AA7C0048DDEC /* EditContactProtocols.swift */,
				11CB44722348AA7C0048DDEC /* EditContactInteractor.swift */,
				11CB44732348AA7C0048DDEC /* EditContactViewController.xib */,
			);
			path = "Contact Edit";
			sourceTree = "<group>";
		};
		8412B6BB21FFFD7D00EA728D = {
			isa = PBXGroup;
			children = (
				8412B6C621FFFD7D00EA728D /* Contacts */,
				8412B6C521FFFD7D00EA728D /* Products */,
				BD2168C92D2DC9BE9A843710 /* Pods */,
				F877E4931333F0421FCCC4C6 /* Frameworks */,
			);
			sourceTree = "<group>";
		};
		8412B6C521FFFD7D00EA728D /* Products */ = {
			isa = PBXGroup;
			children = (
				8412B6C421FFFD7D00EA728D /* Contacts.app */,
			);
			name = Products;
			sourceTree = "<group>";
		};
		8412B6C621FFFD7D00EA728D /* Contacts */ = {
			isa = PBXGroup;
			children = (
				11BFD2E423474805008123C5 /* StoryBoards */,
				11BFD2E3234747B7008123C5 /* Resources */,
				11BFD2E2234747AD008123C5 /* AppDelegate */,
				11BFD2E12347468C008123C5 /* Model */,
				11BFD2E023474689008123C5 /* Utilities */,
				11BFD2DF23474686008123C5 /* Services */,
				11BFD2DE23474683008123C5 /* Network Service */,
				11BFD2DD23474680008123C5 /* Base */,
				11BFD2DC2347467E008123C5 /* Extension */,
				11BFD2DB2347466A008123C5 /* Custom */,
				11BFD2DA23474667008123C5 /* Scenes */,
				84633257223F7B8D003E6336 /* icons */,
			);
			path = Contacts;
			sourceTree = "<group>";
		};
		84633257223F7B8D003E6336 /* icons */ = {
			isa = PBXGroup;
			children = (
			);
			path = icons;
			sourceTree = "<group>";
		};
		BD2168C92D2DC9BE9A843710 /* Pods */ = {
			isa = PBXGroup;
			children = (
				710FAB9EDD9617659D6EE143 /* Pods-Contacts.debug.xcconfig */,
				8AFAB4DAE9668BC96696A1E9 /* Pods-Contacts.stage debug.xcconfig */,
				52E9ABDEA9F0A78E8EFD6245 /* Pods-Contacts.live debug.xcconfig */,
				0C42CE384B763ED8C3D5DD58 /* Pods-Contacts.release.xcconfig */,
				E5EE16F52E1E6964E6543DB0 /* Pods-Contacts.stage release.xcconfig */,
				A6901CC47D538B51074FF450 /* Pods-Contacts.live release.xcconfig */,
			);
			path = Pods;
			sourceTree = "<group>";
		};
		F877E4931333F0421FCCC4C6 /* Frameworks */ = {
			isa = PBXGroup;
			children = (
				9AD0EA83A5D0A945A78F56A3 /* Pods_Contacts.framework */,
			);
			name = Frameworks;
			sourceTree = "<group>";
		};
/* End PBXGroup section */

/* Begin PBXNativeTarget section */
		8412B6C321FFFD7D00EA728D /* Contacts */ = {
			isa = PBXNativeTarget;
			buildConfigurationList = 8412B6EC21FFFD8100EA728D /* Build configuration list for PBXNativeTarget "Contacts" */;
			buildPhases = (
				00C32ABC8B6FB73D0DB074B5 /* [CP] Check Pods Manifest.lock */,
				8412B6C021FFFD7D00EA728D /* Sources */,
				8412B6C121FFFD7D00EA728D /* Frameworks */,
				8412B6C221FFFD7D00EA728D /* Resources */,
				11BFD30123475AA8008123C5 /* SwiftGen RunScript */,
				3B33650BB8B444B8684009E5 /* [CP] Embed Pods Frameworks */,
			);
			buildRules = (
			);
			dependencies = (
			);
			name = Contacts;
			productName = Contacts;
			productReference = 8412B6C421FFFD7D00EA728D /* Contacts.app */;
			productType = "com.apple.product-type.application";
		};
/* End PBXNativeTarget section */

/* Begin PBXProject section */
		8412B6BC21FFFD7D00EA728D /* Project object */ = {
			isa = PBXProject;
			attributes = {
				LastSwiftUpdateCheck = 1010;
				LastUpgradeCheck = 1010;
				ORGANIZATIONNAME = GoJek;
				TargetAttributes = {
					8412B6C321FFFD7D00EA728D = {
						CreatedOnToolsVersion = 10.1;
						LastSwiftMigration = 1100;
					};
				};
			};
			buildConfigurationList = 8412B6BF21FFFD7D00EA728D /* Build configuration list for PBXProject "Contacts" */;
			compatibilityVersion = "Xcode 9.3";
			developmentRegion = en;
			hasScannedForEncodings = 0;
			knownRegions = (
				en,
				Base,
			);
			mainGroup = 8412B6BB21FFFD7D00EA728D;
			productRefGroup = 8412B6C521FFFD7D00EA728D /* Products */;
			projectDirPath = "";
			projectRoot = "";
			targets = (
				8412B6C321FFFD7D00EA728D /* Contacts */,
			);
		};
/* End PBXProject section */

/* Begin PBXResourcesBuildPhase section */
		8412B6C221FFFD7D00EA728D /* Resources */ = {
			isa = PBXResourcesBuildPhase;
			buildActionMask = 2147483647;
			files = (
				11BFD336234786CA008123C5 /* ContactCell.xib in Resources */,
				8412B6D221FFFD8100EA728D /* LaunchScreen.storyboard in Resources */,
				11BFD2FE234752AC008123C5 /* Localizable.strings in Resources */,
				8412B6CD21FFFD7D00EA728D /* Main.storyboard in Resources */,
				11BFD2F523474EA8008123C5 /* Assets.xcassets in Resources */,
				11BFD32A23476C0F008123C5 /* ContactsViewController.xib in Resources */,
				11BFD34B2347BC01008123C5 /* ContactDetailsViewController.xib in Resources */,
				11CB44792348AA7C0048DDEC /* EditContactViewController.xib in Resources */,
			);
			runOnlyForDeploymentPostprocessing = 0;
		};
/* End PBXResourcesBuildPhase section */

/* Begin PBXShellScriptBuildPhase section */
		00C32ABC8B6FB73D0DB074B5 /* [CP] Check Pods Manifest.lock */ = {
			isa = PBXShellScriptBuildPhase;
			buildActionMask = 2147483647;
			files = (
			);
			inputFileListPaths = (
			);
			inputPaths = (
				"${PODS_PODFILE_DIR_PATH}/Podfile.lock",
				"${PODS_ROOT}/Manifest.lock",
			);
			name = "[CP] Check Pods Manifest.lock";
			outputFileListPaths = (
			);
			outputPaths = (
				"$(DERIVED_FILE_DIR)/Pods-Contacts-checkManifestLockResult.txt",
			);
			runOnlyForDeploymentPostprocessing = 0;
			shellPath = /bin/sh;
			shellScript = "diff \"${PODS_PODFILE_DIR_PATH}/Podfile.lock\" \"${PODS_ROOT}/Manifest.lock\" > /dev/null\nif [ $? != 0 ] ; then\n    # print error to STDERR\n    echo \"error: The sandbox is not in sync with the Podfile.lock. Run 'pod install' or update your CocoaPods installation.\" >&2\n    exit 1\nfi\n# This output is used by Xcode 'outputs' to avoid re-running this script phase.\necho \"SUCCESS\" > \"${SCRIPT_OUTPUT_FILE_0}\"\n";
			showEnvVarsInLog = 0;
		};
		11BFD30123475AA8008123C5 /* SwiftGen RunScript */ = {
			isa = PBXShellScriptBuildPhase;
			buildActionMask = 2147483647;
			files = (
			);
			inputFileListPaths = (
			);
			inputPaths = (
			);
			name = "SwiftGen RunScript";
			outputFileListPaths = (
			);
			outputPaths = (
			);
			runOnlyForDeploymentPostprocessing = 0;
			shellPath = /bin/sh;
			shellScript = "swiftgen\n";
		};
		3B33650BB8B444B8684009E5 /* [CP] Embed Pods Frameworks */ = {
			isa = PBXShellScriptBuildPhase;
			buildActionMask = 2147483647;
			files = (
			);
			inputFileListPaths = (
				"${PODS_ROOT}/Target Support Files/Pods-Contacts/Pods-Contacts-frameworks-${CONFIGURATION}-input-files.xcfilelist",
			);
			name = "[CP] Embed Pods Frameworks";
			outputFileListPaths = (
				"${PODS_ROOT}/Target Support Files/Pods-Contacts/Pods-Contacts-frameworks-${CONFIGURATION}-output-files.xcfilelist",
			);
			runOnlyForDeploymentPostprocessing = 0;
			shellPath = /bin/sh;
			shellScript = "\"${PODS_ROOT}/Target Support Files/Pods-Contacts/Pods-Contacts-frameworks.sh\"\n";
			showEnvVarsInLog = 0;
		};
/* End PBXShellScriptBuildPhase section */

/* Begin PBXSourcesBuildPhase section */
		8412B6C021FFFD7D00EA728D /* Sources */ = {
			isa = PBXSourcesBuildPhase;
			buildActionMask = 2147483647;
			files = (
				11BFD30F23475E7E008123C5 /* NetworkManager.swift in Sources */,
				11BFD32823476C0F008123C5 /* ContactsProtocols.swift in Sources */,
				11BFD32C23477272008123C5 /* Contact.swift in Sources */,
				11BFD3492347BC01008123C5 /* ContactDetailsProtocols.swift in Sources */,
				11BFD32723476C0F008123C5 /* ContactsViewController.swift in Sources */,
				11BFD3462347BC01008123C5 /* ContactDetailsPresenter.swift in Sources */,
				11BFD2F9234750FE008123C5 /* Localized+Runtime.swift in Sources */,
				11BFD32623476C0F008123C5 /* ContactsRouter.swift in Sources */,
				11BFD34A2347BC01008123C5 /* ContactDetailsInteractor.swift in Sources */,
				11BFD32923476C0F008123C5 /* ContactsInteractor.swift in Sources */,
				11BFD30823475E3B008123C5 /* StaticHeaderPlugin.swift in Sources */,
				11CB44742348AA7C0048DDEC /* EditContactPresenter.swift in Sources */,
				11BFD32F23477CA9008123C5 /* ContactService.swift in Sources */,
				11CB44752348AA7C0048DDEC /* EditContactRouter.swift in Sources */,
				11CB44762348AA7C0048DDEC /* EditContactViewController.swift in Sources */,
				11BFD33123477CC1008123C5 /* NetworkService+ContactService.swift in Sources */,
				11BFD319234767F2008123C5 /* BaseView.swift in Sources */,
				11BFD3472347BC01008123C5 /* ContactDetailsRouter.swift in Sources */,
				11BFD2FB23475149008123C5 /* Localized.swift in Sources */,
				11BFD33C23478EC8008123C5 /* ContactViewModel.swift in Sources */,
				11BFD3482347BC01008123C5 /* ContactDetailsViewController.swift in Sources */,
				11BFD334234786B6008123C5 /* ContactCell.swift in Sources */,
				11BFD33A23478A5D008123C5 /* ContactTableSection.swift in Sources */,
				11BFD32523476C0F008123C5 /* ContactsPresenter.swift in Sources */,
				11BFD3382347884D008123C5 /* NsObject.swift in Sources */,
				11BFD3512347EA75008123C5 /* UiView.swift in Sources */,
				11BFD31B23476805008123C5 /* BaseViewController.swift in Sources */,
				11BFD31D234769C6008123C5 /* Loader.swift in Sources */,
				11BFD2E72347488A008123C5 /* Environment.swift in Sources */,
				8412B6C821FFFD7D00EA728D /* AppDelegate.swift in Sources */,
				11CB44782348AA7C0048DDEC /* EditContactInteractor.swift in Sources */,
				11BFD34F2347E71C008123C5 /* UiImage.swift in Sources */,
				11BFD30423475CE8008123C5 /* KeyValuePersistence.swift in Sources */,
				11BFD3152347669E008123C5 /* AppNavigationController.swift in Sources */,
				11CB447B2348B3540048DDEC /* SortTableSections.swift in Sources */,
				11BFD317234767E2008123C5 /* BaseProtocol.swift in Sources */,
				11BFD33E2347B443008123C5 /* Assets.swift in Sources */,
				11CB44772348AA7C0048DDEC /* EditContactProtocols.swift in Sources */,
				11BFD30A23475E50008123C5 /* NetworkDefaults.swift in Sources */,
				11BFD30C23475E61008123C5 /* NetworkError.swift in Sources */,
				11BFD313234765A3008123C5 /* Container.swift in Sources */,
				11BFD3112347626D008123C5 /* AppDelegate+Extension.swift in Sources */,
				11BFD30623475CFC008123C5 /* PersistanceManager.swift in Sources */,
			);
			runOnlyForDeploymentPostprocessing = 0;
		};
/* End PBXSourcesBuildPhase section */

/* Begin PBXVariantGroup section */
		11BFD300234752AC008123C5 /* Localizable.strings */ = {
			isa = PBXVariantGroup;
			children = (
				11BFD2FF234752AC008123C5 /* en */,
			);
			name = Localizable.strings;
			sourceTree = "<group>";
		};
		8412B6CB21FFFD7D00EA728D /* Main.storyboard */ = {
			isa = PBXVariantGroup;
			children = (
				8412B6CC21FFFD7D00EA728D /* Base */,
			);
			name = Main.storyboard;
			sourceTree = "<group>";
		};
		8412B6D021FFFD8100EA728D /* LaunchScreen.storyboard */ = {
			isa = PBXVariantGroup;
			children = (
				8412B6D121FFFD8100EA728D /* Base */,
			);
			name = LaunchScreen.storyboard;
			sourceTree = "<group>";
		};
/* End PBXVariantGroup section */

/* Begin XCBuildConfiguration section */
		11BFD2EC23474A12008123C5 /* Live Debug */ = {
			isa = XCBuildConfiguration;
			baseConfigurationReference = 11BFD2EB234748FE008123C5 /* live.xcconfig */;
			buildSettings = {
				ALWAYS_SEARCH_USER_PATHS = NO;
				CLANG_ANALYZER_NONNULL = YES;
				CLANG_ANALYZER_NUMBER_OBJECT_CONVERSION = YES_AGGRESSIVE;
				CLANG_CXX_LANGUAGE_STANDARD = "gnu++14";
				CLANG_CXX_LIBRARY = "libc++";
				CLANG_ENABLE_MODULES = YES;
				CLANG_ENABLE_OBJC_ARC = YES;
				CLANG_ENABLE_OBJC_WEAK = YES;
				CLANG_WARN_BLOCK_CAPTURE_AUTORELEASING = YES;
				CLANG_WARN_BOOL_CONVERSION = YES;
				CLANG_WARN_COMMA = YES;
				CLANG_WARN_CONSTANT_CONVERSION = YES;
				CLANG_WARN_DEPRECATED_OBJC_IMPLEMENTATIONS = YES;
				CLANG_WARN_DIRECT_OBJC_ISA_USAGE = YES_ERROR;
				CLANG_WARN_DOCUMENTATION_COMMENTS = YES;
				CLANG_WARN_EMPTY_BODY = YES;
				CLANG_WARN_ENUM_CONVERSION = YES;
				CLANG_WARN_INFINITE_RECURSION = YES;
				CLANG_WARN_INT_CONVERSION = YES;
				CLANG_WARN_NON_LITERAL_NULL_CONVERSION = YES;
				CLANG_WARN_OBJC_IMPLICIT_RETAIN_SELF = YES;
				CLANG_WARN_OBJC_LITERAL_CONVERSION = YES;
				CLANG_WARN_OBJC_ROOT_CLASS = YES_ERROR;
				CLANG_WARN_RANGE_LOOP_ANALYSIS = YES;
				CLANG_WARN_STRICT_PROTOTYPES = YES;
				CLANG_WARN_SUSPICIOUS_MOVE = YES;
				CLANG_WARN_UNGUARDED_AVAILABILITY = YES_AGGRESSIVE;
				CLANG_WARN_UNREACHABLE_CODE = YES;
				CLANG_WARN__DUPLICATE_METHOD_MATCH = YES;
				CODE_SIGN_IDENTITY = "iPhone Developer";
				COPY_PHASE_STRIP = NO;
				DEBUG_INFORMATION_FORMAT = dwarf;
				ENABLE_STRICT_OBJC_MSGSEND = YES;
				ENABLE_TESTABILITY = YES;
				GCC_C_LANGUAGE_STANDARD = gnu11;
				GCC_DYNAMIC_NO_PIC = NO;
				GCC_NO_COMMON_BLOCKS = YES;
				GCC_OPTIMIZATION_LEVEL = 0;
				GCC_PREPROCESSOR_DEFINITIONS = (
					"DEBUG=1",
					"$(inherited)",
				);
				GCC_WARN_64_TO_32_BIT_CONVERSION = YES;
				GCC_WARN_ABOUT_RETURN_TYPE = YES_ERROR;
				GCC_WARN_UNDECLARED_SELECTOR = YES;
				GCC_WARN_UNINITIALIZED_AUTOS = YES_AGGRESSIVE;
				GCC_WARN_UNUSED_FUNCTION = YES;
				GCC_WARN_UNUSED_VARIABLE = YES;
				IPHONEOS_DEPLOYMENT_TARGET = 12.1;
				MTL_ENABLE_DEBUG_INFO = INCLUDE_SOURCE;
				MTL_FAST_MATH = YES;
				ONLY_ACTIVE_ARCH = YES;
				SDKROOT = iphoneos;
				SWIFT_ACTIVE_COMPILATION_CONDITIONS = DEBUG;
				SWIFT_OPTIMIZATION_LEVEL = "-Onone";
			};
			name = "Live Debug";
		};
		11BFD2ED23474A12008123C5 /* Live Debug */ = {
			isa = XCBuildConfiguration;
			baseConfigurationReference = 52E9ABDEA9F0A78E8EFD6245 /* Pods-Contacts.live debug.xcconfig */;
			buildSettings = {
				ASSETCATALOG_COMPILER_APPICON_NAME = AppIcon;
				CODE_SIGN_STYLE = Automatic;
				DEVELOPMENT_TEAM = 64SFR68HJX;
				INFOPLIST_FILE = Contacts/Resources/Info.plist;
				IPHONEOS_DEPLOYMENT_TARGET = 10.0;
				LD_RUNPATH_SEARCH_PATHS = (
					"$(inherited)",
					"@executable_path/Frameworks",
				);
				PRODUCT_BUNDLE_IDENTIFIER = "go-jek.Contacts";
				PRODUCT_NAME = "$(TARGET_NAME)";
				SWIFT_VERSION = 5.0;
				TARGETED_DEVICE_FAMILY = "1,2";
			};
			name = "Live Debug";
		};
		11BFD2EE23474A15008123C5 /* Stage Debug */ = {
			isa = XCBuildConfiguration;
			baseConfigurationReference = 11BFD2E8234748BD008123C5 /* stage.xcconfig */;
			buildSettings = {
				ALWAYS_SEARCH_USER_PATHS = NO;
				CLANG_ANALYZER_NONNULL = YES;
				CLANG_ANALYZER_NUMBER_OBJECT_CONVERSION = YES_AGGRESSIVE;
				CLANG_CXX_LANGUAGE_STANDARD = "gnu++14";
				CLANG_CXX_LIBRARY = "libc++";
				CLANG_ENABLE_MODULES = YES;
				CLANG_ENABLE_OBJC_ARC = YES;
				CLANG_ENABLE_OBJC_WEAK = YES;
				CLANG_WARN_BLOCK_CAPTURE_AUTORELEASING = YES;
				CLANG_WARN_BOOL_CONVERSION = YES;
				CLANG_WARN_COMMA = YES;
				CLANG_WARN_CONSTANT_CONVERSION = YES;
				CLANG_WARN_DEPRECATED_OBJC_IMPLEMENTATIONS = YES;
				CLANG_WARN_DIRECT_OBJC_ISA_USAGE = YES_ERROR;
				CLANG_WARN_DOCUMENTATION_COMMENTS = YES;
				CLANG_WARN_EMPTY_BODY = YES;
				CLANG_WARN_ENUM_CONVERSION = YES;
				CLANG_WARN_INFINITE_RECURSION = YES;
				CLANG_WARN_INT_CONVERSION = YES;
				CLANG_WARN_NON_LITERAL_NULL_CONVERSION = YES;
				CLANG_WARN_OBJC_IMPLICIT_RETAIN_SELF = YES;
				CLANG_WARN_OBJC_LITERAL_CONVERSION = YES;
				CLANG_WARN_OBJC_ROOT_CLASS = YES_ERROR;
				CLANG_WARN_RANGE_LOOP_ANALYSIS = YES;
				CLANG_WARN_STRICT_PROTOTYPES = YES;
				CLANG_WARN_SUSPICIOUS_MOVE = YES;
				CLANG_WARN_UNGUARDED_AVAILABILITY = YES_AGGRESSIVE;
				CLANG_WARN_UNREACHABLE_CODE = YES;
				CLANG_WARN__DUPLICATE_METHOD_MATCH = YES;
				CODE_SIGN_IDENTITY = "iPhone Developer";
				COPY_PHASE_STRIP = NO;
				DEBUG_INFORMATION_FORMAT = dwarf;
				ENABLE_STRICT_OBJC_MSGSEND = YES;
				ENABLE_TESTABILITY = YES;
				GCC_C_LANGUAGE_STANDARD = gnu11;
				GCC_DYNAMIC_NO_PIC = NO;
				GCC_NO_COMMON_BLOCKS = YES;
				GCC_OPTIMIZATION_LEVEL = 0;
				GCC_PREPROCESSOR_DEFINITIONS = (
					"DEBUG=1",
					"$(inherited)",
				);
				GCC_WARN_64_TO_32_BIT_CONVERSION = YES;
				GCC_WARN_ABOUT_RETURN_TYPE = YES_ERROR;
				GCC_WARN_UNDECLARED_SELECTOR = YES;
				GCC_WARN_UNINITIALIZED_AUTOS = YES_AGGRESSIVE;
				GCC_WARN_UNUSED_FUNCTION = YES;
				GCC_WARN_UNUSED_VARIABLE = YES;
				IPHONEOS_DEPLOYMENT_TARGET = 12.1;
				MTL_ENABLE_DEBUG_INFO = INCLUDE_SOURCE;
				MTL_FAST_MATH = YES;
				ONLY_ACTIVE_ARCH = YES;
				SDKROOT = iphoneos;
				SWIFT_ACTIVE_COMPILATION_CONDITIONS = DEBUG;
				SWIFT_OPTIMIZATION_LEVEL = "-Onone";
			};
			name = "Stage Debug";
		};
		11BFD2EF23474A15008123C5 /* Stage Debug */ = {
			isa = XCBuildConfiguration;
			baseConfigurationReference = 8AFAB4DAE9668BC96696A1E9 /* Pods-Contacts.stage debug.xcconfig */;
			buildSettings = {
				ASSETCATALOG_COMPILER_APPICON_NAME = AppIcon;
				CODE_SIGN_STYLE = Automatic;
				DEVELOPMENT_TEAM = 64SFR68HJX;
				INFOPLIST_FILE = Contacts/Resources/Info.plist;
				IPHONEOS_DEPLOYMENT_TARGET = 10.0;
				LD_RUNPATH_SEARCH_PATHS = (
					"$(inherited)",
					"@executable_path/Frameworks",
				);
				PRODUCT_BUNDLE_IDENTIFIER = "go-jek.Contacts";
				PRODUCT_NAME = "$(TARGET_NAME)";
				SWIFT_VERSION = 5.0;
				TARGETED_DEVICE_FAMILY = "1,2";
			};
			name = "Stage Debug";
		};
		11BFD2F023474A1C008123C5 /* Stage Release */ = {
			isa = XCBuildConfiguration;
			baseConfigurationReference = 11BFD2E8234748BD008123C5 /* stage.xcconfig */;
			buildSettings = {
				ALWAYS_SEARCH_USER_PATHS = NO;
				CLANG_ANALYZER_NONNULL = YES;
				CLANG_ANALYZER_NUMBER_OBJECT_CONVERSION = YES_AGGRESSIVE;
				CLANG_CXX_LANGUAGE_STANDARD = "gnu++14";
				CLANG_CXX_LIBRARY = "libc++";
				CLANG_ENABLE_MODULES = YES;
				CLANG_ENABLE_OBJC_ARC = YES;
				CLANG_ENABLE_OBJC_WEAK = YES;
				CLANG_WARN_BLOCK_CAPTURE_AUTORELEASING = YES;
				CLANG_WARN_BOOL_CONVERSION = YES;
				CLANG_WARN_COMMA = YES;
				CLANG_WARN_CONSTANT_CONVERSION = YES;
				CLANG_WARN_DEPRECATED_OBJC_IMPLEMENTATIONS = YES;
				CLANG_WARN_DIRECT_OBJC_ISA_USAGE = YES_ERROR;
				CLANG_WARN_DOCUMENTATION_COMMENTS = YES;
				CLANG_WARN_EMPTY_BODY = YES;
				CLANG_WARN_ENUM_CONVERSION = YES;
				CLANG_WARN_INFINITE_RECURSION = YES;
				CLANG_WARN_INT_CONVERSION = YES;
				CLANG_WARN_NON_LITERAL_NULL_CONVERSION = YES;
				CLANG_WARN_OBJC_IMPLICIT_RETAIN_SELF = YES;
				CLANG_WARN_OBJC_LITERAL_CONVERSION = YES;
				CLANG_WARN_OBJC_ROOT_CLASS = YES_ERROR;
				CLANG_WARN_RANGE_LOOP_ANALYSIS = YES;
				CLANG_WARN_STRICT_PROTOTYPES = YES;
				CLANG_WARN_SUSPICIOUS_MOVE = YES;
				CLANG_WARN_UNGUARDED_AVAILABILITY = YES_AGGRESSIVE;
				CLANG_WARN_UNREACHABLE_CODE = YES;
				CLANG_WARN__DUPLICATE_METHOD_MATCH = YES;
				CODE_SIGN_IDENTITY = "iPhone Developer";
				COPY_PHASE_STRIP = NO;
				DEBUG_INFORMATION_FORMAT = "dwarf-with-dsym";
				ENABLE_NS_ASSERTIONS = NO;
				ENABLE_STRICT_OBJC_MSGSEND = YES;
				GCC_C_LANGUAGE_STANDARD = gnu11;
				GCC_NO_COMMON_BLOCKS = YES;
				GCC_WARN_64_TO_32_BIT_CONVERSION = YES;
				GCC_WARN_ABOUT_RETURN_TYPE = YES_ERROR;
				GCC_WARN_UNDECLARED_SELECTOR = YES;
				GCC_WARN_UNINITIALIZED_AUTOS = YES_AGGRESSIVE;
				GCC_WARN_UNUSED_FUNCTION = YES;
				GCC_WARN_UNUSED_VARIABLE = YES;
				IPHONEOS_DEPLOYMENT_TARGET = 12.1;
				MTL_ENABLE_DEBUG_INFO = NO;
				MTL_FAST_MATH = YES;
				SDKROOT = iphoneos;
				SWIFT_COMPILATION_MODE = wholemodule;
				SWIFT_OPTIMIZATION_LEVEL = "-O";
				VALIDATE_PRODUCT = YES;
			};
			name = "Stage Release";
		};
		11BFD2F123474A1C008123C5 /* Stage Release */ = {
			isa = XCBuildConfiguration;
			baseConfigurationReference = E5EE16F52E1E6964E6543DB0 /* Pods-Contacts.stage release.xcconfig */;
			buildSettings = {
				ASSETCATALOG_COMPILER_APPICON_NAME = AppIcon;
				CODE_SIGN_STYLE = Automatic;
				DEVELOPMENT_TEAM = 64SFR68HJX;
				INFOPLIST_FILE = Contacts/Resources/Info.plist;
				IPHONEOS_DEPLOYMENT_TARGET = 10.0;
				LD_RUNPATH_SEARCH_PATHS = (
					"$(inherited)",
					"@executable_path/Frameworks",
				);
				PRODUCT_BUNDLE_IDENTIFIER = "go-jek.Contacts";
				PRODUCT_NAME = "$(TARGET_NAME)";
				SWIFT_VERSION = 5.0;
				TARGETED_DEVICE_FAMILY = "1,2";
			};
			name = "Stage Release";
		};
		11BFD2F223474A24008123C5 /* Live Release */ = {
			isa = XCBuildConfiguration;
			baseConfigurationReference = 11BFD2EB234748FE008123C5 /* live.xcconfig */;
			buildSettings = {
				ALWAYS_SEARCH_USER_PATHS = NO;
				CLANG_ANALYZER_NONNULL = YES;
				CLANG_ANALYZER_NUMBER_OBJECT_CONVERSION = YES_AGGRESSIVE;
				CLANG_CXX_LANGUAGE_STANDARD = "gnu++14";
				CLANG_CXX_LIBRARY = "libc++";
				CLANG_ENABLE_MODULES = YES;
				CLANG_ENABLE_OBJC_ARC = YES;
				CLANG_ENABLE_OBJC_WEAK = YES;
				CLANG_WARN_BLOCK_CAPTURE_AUTORELEASING = YES;
				CLANG_WARN_BOOL_CONVERSION = YES;
				CLANG_WARN_COMMA = YES;
				CLANG_WARN_CONSTANT_CONVERSION = YES;
				CLANG_WARN_DEPRECATED_OBJC_IMPLEMENTATIONS = YES;
				CLANG_WARN_DIRECT_OBJC_ISA_USAGE = YES_ERROR;
				CLANG_WARN_DOCUMENTATION_COMMENTS = YES;
				CLANG_WARN_EMPTY_BODY = YES;
				CLANG_WARN_ENUM_CONVERSION = YES;
				CLANG_WARN_INFINITE_RECURSION = YES;
				CLANG_WARN_INT_CONVERSION = YES;
				CLANG_WARN_NON_LITERAL_NULL_CONVERSION = YES;
				CLANG_WARN_OBJC_IMPLICIT_RETAIN_SELF = YES;
				CLANG_WARN_OBJC_LITERAL_CONVERSION = YES;
				CLANG_WARN_OBJC_ROOT_CLASS = YES_ERROR;
				CLANG_WARN_RANGE_LOOP_ANALYSIS = YES;
				CLANG_WARN_STRICT_PROTOTYPES = YES;
				CLANG_WARN_SUSPICIOUS_MOVE = YES;
				CLANG_WARN_UNGUARDED_AVAILABILITY = YES_AGGRESSIVE;
				CLANG_WARN_UNREACHABLE_CODE = YES;
				CLANG_WARN__DUPLICATE_METHOD_MATCH = YES;
				CODE_SIGN_IDENTITY = "iPhone Developer";
				COPY_PHASE_STRIP = NO;
				DEBUG_INFORMATION_FORMAT = "dwarf-with-dsym";
				ENABLE_NS_ASSERTIONS = NO;
				ENABLE_STRICT_OBJC_MSGSEND = YES;
				GCC_C_LANGUAGE_STANDARD = gnu11;
				GCC_NO_COMMON_BLOCKS = YES;
				GCC_WARN_64_TO_32_BIT_CONVERSION = YES;
				GCC_WARN_ABOUT_RETURN_TYPE = YES_ERROR;
				GCC_WARN_UNDECLARED_SELECTOR = YES;
				GCC_WARN_UNINITIALIZED_AUTOS = YES_AGGRESSIVE;
				GCC_WARN_UNUSED_FUNCTION = YES;
				GCC_WARN_UNUSED_VARIABLE = YES;
				IPHONEOS_DEPLOYMENT_TARGET = 12.1;
				MTL_ENABLE_DEBUG_INFO = NO;
				MTL_FAST_MATH = YES;
				SDKROOT = iphoneos;
				SWIFT_COMPILATION_MODE = wholemodule;
				SWIFT_OPTIMIZATION_LEVEL = "-O";
				VALIDATE_PRODUCT = YES;
			};
			name = "Live Release";
		};
		11BFD2F323474A24008123C5 /* Live Release */ = {
			isa = XCBuildConfiguration;
			baseConfigurationReference = A6901CC47D538B51074FF450 /* Pods-Contacts.live release.xcconfig */;
			buildSettings = {
				ASSETCATALOG_COMPILER_APPICON_NAME = AppIcon;
				CODE_SIGN_STYLE = Automatic;
				DEVELOPMENT_TEAM = 64SFR68HJX;
				INFOPLIST_FILE = Contacts/Resources/Info.plist;
				IPHONEOS_DEPLOYMENT_TARGET = 10.0;
				LD_RUNPATH_SEARCH_PATHS = (
					"$(inherited)",
					"@executable_path/Frameworks",
				);
				PRODUCT_BUNDLE_IDENTIFIER = "go-jek.Contacts";
				PRODUCT_NAME = "$(TARGET_NAME)";
				SWIFT_VERSION = 5.0;
				TARGETED_DEVICE_FAMILY = "1,2";
			};
			name = "Live Release";
		};
		8412B6EA21FFFD8100EA728D /* Debug */ = {
			isa = XCBuildConfiguration;
			baseConfigurationReference = 11BFD2E8234748BD008123C5 /* stage.xcconfig */;
			buildSettings = {
				ALWAYS_SEARCH_USER_PATHS = NO;
				CLANG_ANALYZER_NONNULL = YES;
				CLANG_ANALYZER_NUMBER_OBJECT_CONVERSION = YES_AGGRESSIVE;
				CLANG_CXX_LANGUAGE_STANDARD = "gnu++14";
				CLANG_CXX_LIBRARY = "libc++";
				CLANG_ENABLE_MODULES = YES;
				CLANG_ENABLE_OBJC_ARC = YES;
				CLANG_ENABLE_OBJC_WEAK = YES;
				CLANG_WARN_BLOCK_CAPTURE_AUTORELEASING = YES;
				CLANG_WARN_BOOL_CONVERSION = YES;
				CLANG_WARN_COMMA = YES;
				CLANG_WARN_CONSTANT_CONVERSION = YES;
				CLANG_WARN_DEPRECATED_OBJC_IMPLEMENTATIONS = YES;
				CLANG_WARN_DIRECT_OBJC_ISA_USAGE = YES_ERROR;
				CLANG_WARN_DOCUMENTATION_COMMENTS = YES;
				CLANG_WARN_EMPTY_BODY = YES;
				CLANG_WARN_ENUM_CONVERSION = YES;
				CLANG_WARN_INFINITE_RECURSION = YES;
				CLANG_WARN_INT_CONVERSION = YES;
				CLANG_WARN_NON_LITERAL_NULL_CONVERSION = YES;
				CLANG_WARN_OBJC_IMPLICIT_RETAIN_SELF = YES;
				CLANG_WARN_OBJC_LITERAL_CONVERSION = YES;
				CLANG_WARN_OBJC_ROOT_CLASS = YES_ERROR;
				CLANG_WARN_RANGE_LOOP_ANALYSIS = YES;
				CLANG_WARN_STRICT_PROTOTYPES = YES;
				CLANG_WARN_SUSPICIOUS_MOVE = YES;
				CLANG_WARN_UNGUARDED_AVAILABILITY = YES_AGGRESSIVE;
				CLANG_WARN_UNREACHABLE_CODE = YES;
				CLANG_WARN__DUPLICATE_METHOD_MATCH = YES;
				CODE_SIGN_IDENTITY = "iPhone Developer";
				COPY_PHASE_STRIP = NO;
				DEBUG_INFORMATION_FORMAT = dwarf;
				ENABLE_STRICT_OBJC_MSGSEND = YES;
				ENABLE_TESTABILITY = YES;
				GCC_C_LANGUAGE_STANDARD = gnu11;
				GCC_DYNAMIC_NO_PIC = NO;
				GCC_NO_COMMON_BLOCKS = YES;
				GCC_OPTIMIZATION_LEVEL = 0;
				GCC_PREPROCESSOR_DEFINITIONS = (
					"DEBUG=1",
					"$(inherited)",
				);
				GCC_WARN_64_TO_32_BIT_CONVERSION = YES;
				GCC_WARN_ABOUT_RETURN_TYPE = YES_ERROR;
				GCC_WARN_UNDECLARED_SELECTOR = YES;
				GCC_WARN_UNINITIALIZED_AUTOS = YES_AGGRESSIVE;
				GCC_WARN_UNUSED_FUNCTION = YES;
				GCC_WARN_UNUSED_VARIABLE = YES;
				IPHONEOS_DEPLOYMENT_TARGET = 12.1;
				MTL_ENABLE_DEBUG_INFO = INCLUDE_SOURCE;
				MTL_FAST_MATH = YES;
				ONLY_ACTIVE_ARCH = YES;
				SDKROOT = iphoneos;
				SWIFT_ACTIVE_COMPILATION_CONDITIONS = DEBUG;
				SWIFT_OPTIMIZATION_LEVEL = "-Onone";
			};
			name = Debug;
		};
		8412B6EB21FFFD8100EA728D /* Release */ = {
			isa = XCBuildConfiguration;
			baseConfigurationReference = 11BFD2EB234748FE008123C5 /* live.xcconfig */;
			buildSettings = {
				ALWAYS_SEARCH_USER_PATHS = NO;
				CLANG_ANALYZER_NONNULL = YES;
				CLANG_ANALYZER_NUMBER_OBJECT_CONVERSION = YES_AGGRESSIVE;
				CLANG_CXX_LANGUAGE_STANDARD = "gnu++14";
				CLANG_CXX_LIBRARY = "libc++";
				CLANG_ENABLE_MODULES = YES;
				CLANG_ENABLE_OBJC_ARC = YES;
				CLANG_ENABLE_OBJC_WEAK = YES;
				CLANG_WARN_BLOCK_CAPTURE_AUTORELEASING = YES;
				CLANG_WARN_BOOL_CONVERSION = YES;
				CLANG_WARN_COMMA = YES;
				CLANG_WARN_CONSTANT_CONVERSION = YES;
				CLANG_WARN_DEPRECATED_OBJC_IMPLEMENTATIONS = YES;
				CLANG_WARN_DIRECT_OBJC_ISA_USAGE = YES_ERROR;
				CLANG_WARN_DOCUMENTATION_COMMENTS = YES;
				CLANG_WARN_EMPTY_BODY = YES;
				CLANG_WARN_ENUM_CONVERSION = YES;
				CLANG_WARN_INFINITE_RECURSION = YES;
				CLANG_WARN_INT_CONVERSION = YES;
				CLANG_WARN_NON_LITERAL_NULL_CONVERSION = YES;
				CLANG_WARN_OBJC_IMPLICIT_RETAIN_SELF = YES;
				CLANG_WARN_OBJC_LITERAL_CONVERSION = YES;
				CLANG_WARN_OBJC_ROOT_CLASS = YES_ERROR;
				CLANG_WARN_RANGE_LOOP_ANALYSIS = YES;
				CLANG_WARN_STRICT_PROTOTYPES = YES;
				CLANG_WARN_SUSPICIOUS_MOVE = YES;
				CLANG_WARN_UNGUARDED_AVAILABILITY = YES_AGGRESSIVE;
				CLANG_WARN_UNREACHABLE_CODE = YES;
				CLANG_WARN__DUPLICATE_METHOD_MATCH = YES;
				CODE_SIGN_IDENTITY = "iPhone Developer";
				COPY_PHASE_STRIP = NO;
				DEBUG_INFORMATION_FORMAT = "dwarf-with-dsym";
				ENABLE_NS_ASSERTIONS = NO;
				ENABLE_STRICT_OBJC_MSGSEND = YES;
				GCC_C_LANGUAGE_STANDARD = gnu11;
				GCC_NO_COMMON_BLOCKS = YES;
				GCC_WARN_64_TO_32_BIT_CONVERSION = YES;
				GCC_WARN_ABOUT_RETURN_TYPE = YES_ERROR;
				GCC_WARN_UNDECLARED_SELECTOR = YES;
				GCC_WARN_UNINITIALIZED_AUTOS = YES_AGGRESSIVE;
				GCC_WARN_UNUSED_FUNCTION = YES;
				GCC_WARN_UNUSED_VARIABLE = YES;
				IPHONEOS_DEPLOYMENT_TARGET = 12.1;
				MTL_ENABLE_DEBUG_INFO = NO;
				MTL_FAST_MATH = YES;
				SDKROOT = iphoneos;
				SWIFT_COMPILATION_MODE = wholemodule;
				SWIFT_OPTIMIZATION_LEVEL = "-O";
				VALIDATE_PRODUCT = YES;
			};
			name = Release;
		};
		8412B6ED21FFFD8100EA728D /* Debug */ = {
			isa = XCBuildConfiguration;
			baseConfigurationReference = 710FAB9EDD9617659D6EE143 /* Pods-Contacts.debug.xcconfig */;
			buildSettings = {
				ASSETCATALOG_COMPILER_APPICON_NAME = AppIcon;
				CODE_SIGN_STYLE = Automatic;
				DEVELOPMENT_TEAM = 64SFR68HJX;
				INFOPLIST_FILE = Contacts/Resources/Info.plist;
				IPHONEOS_DEPLOYMENT_TARGET = 10.0;
				LD_RUNPATH_SEARCH_PATHS = (
					"$(inherited)",
					"@executable_path/Frameworks",
				);
				PRODUCT_BUNDLE_IDENTIFIER = "go-jek.Contacts";
				PRODUCT_NAME = "$(TARGET_NAME)";
				SWIFT_VERSION = 5.0;
				TARGETED_DEVICE_FAMILY = "1,2";
			};
			name = Debug;
		};
		8412B6EE21FFFD8100EA728D /* Release */ = {
			isa = XCBuildConfiguration;
			baseConfigurationReference = 0C42CE384B763ED8C3D5DD58 /* Pods-Contacts.release.xcconfig */;
			buildSettings = {
				ASSETCATALOG_COMPILER_APPICON_NAME = AppIcon;
				CODE_SIGN_STYLE = Automatic;
				DEVELOPMENT_TEAM = 64SFR68HJX;
				INFOPLIST_FILE = Contacts/Resources/Info.plist;
				IPHONEOS_DEPLOYMENT_TARGET = 10.0;
				LD_RUNPATH_SEARCH_PATHS = (
					"$(inherited)",
					"@executable_path/Frameworks",
				);
				PRODUCT_BUNDLE_IDENTIFIER = "go-jek.Contacts";
				PRODUCT_NAME = "$(TARGET_NAME)";
				SWIFT_VERSION = 5.0;
				TARGETED_DEVICE_FAMILY = "1,2";
			};
			name = Release;
		};
/* End XCBuildConfiguration section */

/* Begin XCConfigurationList section */
		8412B6BF21FFFD7D00EA728D /* Build configuration list for PBXProject "Contacts" */ = {
			isa = XCConfigurationList;
			buildConfigurations = (
				8412B6EA21FFFD8100EA728D /* Debug */,
				11BFD2EE23474A15008123C5 /* Stage Debug */,
				11BFD2EC23474A12008123C5 /* Live Debug */,
				8412B6EB21FFFD8100EA728D /* Release */,
				11BFD2F023474A1C008123C5 /* Stage Release */,
				11BFD2F223474A24008123C5 /* Live Release */,
			);
			defaultConfigurationIsVisible = 0;
			defaultConfigurationName = Release;
		};
		8412B6EC21FFFD8100EA728D /* Build configuration list for PBXNativeTarget "Contacts" */ = {
			isa = XCConfigurationList;
			buildConfigurations = (
				8412B6ED21FFFD8100EA728D /* Debug */,
				11BFD2EF23474A15008123C5 /* Stage Debug */,
				11BFD2ED23474A12008123C5 /* Live Debug */,
				8412B6EE21FFFD8100EA728D /* Release */,
				11BFD2F123474A1C008123C5 /* Stage Release */,
				11BFD2F323474A24008123C5 /* Live Release */,
			);
			defaultConfigurationIsVisible = 0;
			defaultConfigurationName = Release;
		};
/* End XCConfigurationList section */
	};
	rootObject = 8412B6BC21FFFD7D00EA728D /* Project object */;
}
