// !$*UTF8*$!
{
	archiveVersion = 1;
	classes = {
	};
	objectVersion = 50;
	objects = {

/* Begin PBXBuildFile section */
		036F5C12AEEFFF9F27BF6007 /* Pods_Contacts.framework in Frameworks */ = {isa = PBXBuildFile; fileRef = 9AD0EA83A5D0A945A78F56A3 /* Pods_Contacts.framework */; };
		11BFD2E72347488A008123C5 /* Environment.swift in Sources */ = {isa = PBXBuildFile; fileRef = 11BFD2E62347488A008123C5 /* Environment.swift */; };
		11BFD2F523474EA8008123C5 /* Assets.xcassets in Resources */ = {isa = PBXBuildFile; fileRef = 11BFD2F423474EA8008123C5 /* Assets.xcassets */; };
		11BFD2F9234750FE008123C5 /* Localized+Runtime.swift in Sources */ = {isa = PBXBuildFile; fileRef = 11BFD2F8234750FE008123C5 /* Localized+Runtime.swift */; };
		11BFD2FB23475149008123C5 /* Localized.swift in Sources */ = {isa = PBXBuildFile; fileRef = 11BFD2FA23475149008123C5 /* Localized.swift */; };
		11BFD2FE234752AC008123C5 /* Localizable.strings in Resources */ = {isa = PBXBuildFile; fileRef = 11BFD300234752AC008123C5 /* Localizable.strings */; };
		8412B6C821FFFD7D00EA728D /* AppDelegate.swift in Sources */ = {isa = PBXBuildFile; fileRef = 8412B6C721FFFD7D00EA728D /* AppDelegate.swift */; };
		8412B6CD21FFFD7D00EA728D /* Main.storyboard in Resources */ = {isa = PBXBuildFile; fileRef = 8412B6CB21FFFD7D00EA728D /* Main.storyboard */; };
		8412B6D221FFFD8100EA728D /* LaunchScreen.storyboard in Resources */ = {isa = PBXBuildFile; fileRef = 8412B6D021FFFD8100EA728D /* LaunchScreen.storyboard */; };
		844B9283223766DB00BF79DE /* ContactsListViewController.swift in Sources */ = {isa = PBXBuildFile; fileRef = 844B9282223766DB00BF79DE /* ContactsListViewController.swift */; };
		846137C5220555E9009194EA /* ContactDetailsViewController.swift in Sources */ = {isa = PBXBuildFile; fileRef = 846137C4220555E9009194EA /* ContactDetailsViewController.swift */; };
/* End PBXBuildFile section */

/* Begin PBXFileReference section */
		0C42CE384B763ED8C3D5DD58 /* Pods-Contacts.release.xcconfig */ = {isa = PBXFileReference; includeInIndex = 1; lastKnownFileType = text.xcconfig; name = "Pods-Contacts.release.xcconfig"; path = "Target Support Files/Pods-Contacts/Pods-Contacts.release.xcconfig"; sourceTree = "<group>"; };
		11BFD2E62347488A008123C5 /* Environment.swift */ = {isa = PBXFileReference; lastKnownFileType = sourcecode.swift; path = Environment.swift; sourceTree = "<group>"; };
		11BFD2E8234748BD008123C5 /* stage.xcconfig */ = {isa = PBXFileReference; lastKnownFileType = text.xcconfig; path = stage.xcconfig; sourceTree = "<group>"; };
		11BFD2EB234748FE008123C5 /* live.xcconfig */ = {isa = PBXFileReference; lastKnownFileType = text.xcconfig; path = live.xcconfig; sourceTree = "<group>"; };
		11BFD2F423474EA8008123C5 /* Assets.xcassets */ = {isa = PBXFileReference; lastKnownFileType = folder.assetcatalog; path = Assets.xcassets; sourceTree = "<group>"; };
		11BFD2F8234750FE008123C5 /* Localized+Runtime.swift */ = {isa = PBXFileReference; lastKnownFileType = sourcecode.swift; path = "Localized+Runtime.swift"; sourceTree = "<group>"; };
		11BFD2FA23475149008123C5 /* Localized.swift */ = {isa = PBXFileReference; lastKnownFileType = sourcecode.swift; path = Localized.swift; sourceTree = "<group>"; };
		11BFD2FF234752AC008123C5 /* en */ = {isa = PBXFileReference; lastKnownFileType = text.plist.strings; name = en; path = en.lproj/Localizable.strings; sourceTree = "<group>"; };
		52E9ABDEA9F0A78E8EFD6245 /* Pods-Contacts.live debug.xcconfig */ = {isa = PBXFileReference; includeInIndex = 1; lastKnownFileType = text.xcconfig; name = "Pods-Contacts.live debug.xcconfig"; path = "Target Support Files/Pods-Contacts/Pods-Contacts.live debug.xcconfig"; sourceTree = "<group>"; };
		710FAB9EDD9617659D6EE143 /* Pods-Contacts.debug.xcconfig */ = {isa = PBXFileReference; includeInIndex = 1; lastKnownFileType = text.xcconfig; name = "Pods-Contacts.debug.xcconfig"; path = "Target Support Files/Pods-Contacts/Pods-Contacts.debug.xcconfig"; sourceTree = "<group>"; };
		8412B6C421FFFD7D00EA728D /* Contacts.app */ = {isa = PBXFileReference; explicitFileType = wrapper.application; includeInIndex = 0; path = Contacts.app; sourceTree = BUILT_PRODUCTS_DIR; };
		8412B6C721FFFD7D00EA728D /* AppDelegate.swift */ = {isa = PBXFileReference; lastKnownFileType = sourcecode.swift; path = AppDelegate.swift; sourceTree = "<group>"; };
		8412B6CC21FFFD7D00EA728D /* Base */ = {isa = PBXFileReference; lastKnownFileType = file.storyboard; name = Base; path = Base.lproj/Main.storyboard; sourceTree = "<group>"; };
		8412B6D121FFFD8100EA728D /* Base */ = {isa = PBXFileReference; lastKnownFileType = file.storyboard; name = Base; path = Base.lproj/LaunchScreen.storyboard; sourceTree = "<group>"; };
		8412B6D321FFFD8100EA728D /* Info.plist */ = {isa = PBXFileReference; lastKnownFileType = text.plist.xml; path = Info.plist; sourceTree = "<group>"; };
		844B9282223766DB00BF79DE /* ContactsListViewController.swift */ = {isa = PBXFileReference; fileEncoding = 4; lastKnownFileType = sourcecode.swift; path = ContactsListViewController.swift; sourceTree = "<group>"; };
		846137C4220555E9009194EA /* ContactDetailsViewController.swift */ = {isa = PBXFileReference; lastKnownFileType = sourcecode.swift; path = ContactDetailsViewController.swift; sourceTree = "<group>"; };
		8AFAB4DAE9668BC96696A1E9 /* Pods-Contacts.stage debug.xcconfig */ = {isa = PBXFileReference; includeInIndex = 1; lastKnownFileType = text.xcconfig; name = "Pods-Contacts.stage debug.xcconfig"; path = "Target Support Files/Pods-Contacts/Pods-Contacts.stage debug.xcconfig"; sourceTree = "<group>"; };
		9AD0EA83A5D0A945A78F56A3 /* Pods_Contacts.framework */ = {isa = PBXFileReference; explicitFileType = wrapper.framework; includeInIndex = 0; path = Pods_Contacts.framework; sourceTree = BUILT_PRODUCTS_DIR; };
		A6901CC47D538B51074FF450 /* Pods-Contacts.live release.xcconfig */ = {isa = PBXFileReference; includeInIndex = 1; lastKnownFileType = text.xcconfig; name = "Pods-Contacts.live release.xcconfig"; path = "Target Support Files/Pods-Contacts/Pods-Contacts.live release.xcconfig"; sourceTree = "<group>"; };
		E5EE16F52E1E6964E6543DB0 /* Pods-Contacts.stage release.xcconfig */ = {isa = PBXFileReference; includeInIndex = 1; lastKnownFileType = text.xcconfig; name = "Pods-Contacts.stage release.xcconfig"; path = "Target Support Files/Pods-Contacts/Pods-Contacts.stage release.xcconfig"; sourceTree = "<group>"; };
/* End PBXFileReference section */

/* Begin PBXFrameworksBuildPhase section */
		8412B6C121FFFD7D00EA728D /* Frameworks */ = {
			isa = PBXFrameworksBuildPhase;
			buildActionMask = 2147483647;
			files = (
				036F5C12AEEFFF9F27BF6007 /* Pods_Contacts.framework in Frameworks */,
			);
			runOnlyForDeploymentPostprocessing = 0;
		};
/* End PBXFrameworksBuildPhase section */

/* Begin PBXGroup section */
		11BFD2DA23474667008123C5 /* Scenes */ = {
			isa = PBXGroup;
			children = (
			);
			path = Scenes;
			sourceTree = "<group>";
		};
		11BFD2DB2347466A008123C5 /* Custom */ = {
			isa = PBXGroup;
			children = (
			);
			path = Custom;
			sourceTree = "<group>";
		};
		11BFD2DC2347467E008123C5 /* Extension */ = {
			isa = PBXGroup;
			children = (
			);
			path = Extension;
			sourceTree = "<group>";
		};
		11BFD2DD23474680008123C5 /* Base */ = {
			isa = PBXGroup;
			children = (
			);
			path = Base;
			sourceTree = "<group>";
		};
		11BFD2DE23474683008123C5 /* Network Service */ = {
			isa = PBXGroup;
			children = (
			);
			path = "Network Service";
			sourceTree = "<group>";
		};
		11BFD2DF23474686008123C5 /* Services */ = {
			isa = PBXGroup;
			children = (
			);
			path = Services;
			sourceTree = "<group>";
		};
		11BFD2E023474689008123C5 /* Utilities */ = {
			isa = PBXGroup;
			children = (
			);
			path = Utilities;
			sourceTree = "<group>";
		};
		11BFD2E12347468C008123C5 /* Model */ = {
			isa = PBXGroup;
			children = (
			);
			path = Model;
			sourceTree = "<group>";
		};
		11BFD2E2234747AD008123C5 /* AppDelegate */ = {
			isa = PBXGroup;
			children = (
				8412B6C721FFFD7D00EA728D /* AppDelegate.swift */,
			);
			path = AppDelegate;
			sourceTree = "<group>";
		};
		11BFD2E3234747B7008123C5 /* Resources */ = {
			isa = PBXGroup;
			children = (
				11BFD2F7234750C9008123C5 /* Localization */,
				11BFD2F6234750AF008123C5 /* Assets */,
				11BFD2E52347485D008123C5 /* Configuration */,
				8412B6D321FFFD8100EA728D /* Info.plist */,
			);
			path = Resources;
			sourceTree = "<group>";
		};
		11BFD2E423474805008123C5 /* StoryBoards */ = {
			isa = PBXGroup;
			children = (
				8412B6D021FFFD8100EA728D /* LaunchScreen.storyboard */,
				8412B6CB21FFFD7D00EA728D /* Main.storyboard */,
			);
			path = StoryBoards;
			sourceTree = "<group>";
		};
		11BFD2E52347485D008123C5 /* Configuration */ = {
			isa = PBXGroup;
			children = (
				11BFD2E62347488A008123C5 /* Environment.swift */,
				11BFD2E8234748BD008123C5 /* stage.xcconfig */,
				11BFD2EB234748FE008123C5 /* live.xcconfig */,
			);
			path = Configuration;
			sourceTree = "<group>";
		};
		11BFD2F6234750AF008123C5 /* Assets */ = {
			isa = PBXGroup;
			children = (
				11BFD2F423474EA8008123C5 /* Assets.xcassets */,
			);
			path = Assets;
			sourceTree = "<group>";
		};
		11BFD2F7234750C9008123C5 /* Localization */ = {
			isa = PBXGroup;
			children = (
				11BFD2F8234750FE008123C5 /* Localized+Runtime.swift */,
				11BFD2FA23475149008123C5 /* Localized.swift */,
				11BFD300234752AC008123C5 /* Localizable.strings */,
			);
			path = Localization;
			sourceTree = "<group>";
		};
		8412B6BB21FFFD7D00EA728D = {
			isa = PBXGroup;
			children = (
				8412B6C621FFFD7D00EA728D /* Contacts */,
				8412B6C521FFFD7D00EA728D /* Products */,
				BD2168C92D2DC9BE9A843710 /* Pods */,
				F877E4931333F0421FCCC4C6 /* Frameworks */,
			);
			sourceTree = "<group>";
		};
		8412B6C521FFFD7D00EA728D /* Products */ = {
			isa = PBXGroup;
			children = (
				8412B6C421FFFD7D00EA728D /* Contacts.app */,
			);
			name = Products;
			sourceTree = "<group>";
		};
		8412B6C621FFFD7D00EA728D /* Contacts */ = {
			isa = PBXGroup;
			children = (
				11BFD2E423474805008123C5 /* StoryBoards */,
				11BFD2E3234747B7008123C5 /* Resources */,
				11BFD2E2234747AD008123C5 /* AppDelegate */,
				11BFD2E12347468C008123C5 /* Model */,
				11BFD2E023474689008123C5 /* Utilities */,
				11BFD2DF23474686008123C5 /* Services */,
				11BFD2DE23474683008123C5 /* Network Service */,
				11BFD2DD23474680008123C5 /* Base */,
				11BFD2DC2347467E008123C5 /* Extension */,
				11BFD2DB2347466A008123C5 /* Custom */,
				11BFD2DA23474667008123C5 /* Scenes */,
				844B9282223766DB00BF79DE /* ContactsListViewController.swift */,
				846137C4220555E9009194EA /* ContactDetailsViewController.swift */,
				84633257223F7B8D003E6336 /* icons */,
			);
			path = Contacts;
			sourceTree = "<group>";
		};
		84633257223F7B8D003E6336 /* icons */ = {
			isa = PBXGroup;
			children = (
			);
			path = icons;
			sourceTree = "<group>";
		};
		BD2168C92D2DC9BE9A843710 /* Pods */ = {
			isa = PBXGroup;
			children = (
				710FAB9EDD9617659D6EE143 /* Pods-Contacts.debug.xcconfig */,
				8AFAB4DAE9668BC96696A1E9 /* Pods-Contacts.stage debug.xcconfig */,
				52E9ABDEA9F0A78E8EFD6245 /* Pods-Contacts.live debug.xcconfig */,
				0C42CE384B763ED8C3D5DD58 /* Pods-Contacts.release.xcconfig */,
				E5EE16F52E1E6964E6543DB0 /* Pods-Contacts.stage release.xcconfig */,
				A6901CC47D538B51074FF450 /* Pods-Contacts.live release.xcconfig */,
			);
			path = Pods;
			sourceTree = "<group>";
		};
		F877E4931333F0421FCCC4C6 /* Frameworks */ = {
			isa = PBXGroup;
			children = (
				9AD0EA83A5D0A945A78F56A3 /* Pods_Contacts.framework */,
			);
			name = Frameworks;
			sourceTree = "<group>";
		};
/* End PBXGroup section */

/* Begin PBXNativeTarget section */
		8412B6C321FFFD7D00EA728D /* Contacts */ = {
			isa = PBXNativeTarget;
			buildConfigurationList = 8412B6EC21FFFD8100EA728D /* Build configuration list for PBXNativeTarget "Contacts" */;
			buildPhases = (
				00C32ABC8B6FB73D0DB074B5 /* [CP] Check Pods Manifest.lock */,
				8412B6C021FFFD7D00EA728D /* Sources */,
				8412B6C121FFFD7D00EA728D /* Frameworks */,
				8412B6C221FFFD7D00EA728D /* Resources */,
				11BFD30123475AA8008123C5 /* SwiftGen RunScript */,
			);
			buildRules = (
			);
			dependencies = (
			);
			name = Contacts;
			productName = Contacts;
			productReference = 8412B6C421FFFD7D00EA728D /* Contacts.app */;
			productType = "com.apple.product-type.application";
		};
/* End PBXNativeTarget section */

/* Begin PBXProject section */
		8412B6BC21FFFD7D00EA728D /* Project object */ = {
			isa = PBXProject;
			attributes = {
				LastSwiftUpdateCheck = 1010;
				LastUpgradeCheck = 1010;
				ORGANIZATIONNAME = GoJek;
				TargetAttributes = {
					8412B6C321FFFD7D00EA728D = {
						CreatedOnToolsVersion = 10.1;
						LastSwiftMigration = 1100;
					};
				};
			};
			buildConfigurationList = 8412B6BF21FFFD7D00EA728D /* Build configuration list for PBXProject "Contacts" */;
			compatibilityVersion = "Xcode 9.3";
			developmentRegion = en;
			hasScannedForEncodings = 0;
			knownRegions = (
				en,
				Base,
			);
			mainGroup = 8412B6BB21FFFD7D00EA728D;
			productRefGroup = 8412B6C521FFFD7D00EA728D /* Products */;
			projectDirPath = "";
			projectRoot = "";
			targets = (
				8412B6C321FFFD7D00EA728D /* Contacts */,
			);
		};
/* End PBXProject section */

/* Begin PBXResourcesBuildPhase section */
		8412B6C221FFFD7D00EA728D /* Resources */ = {
			isa = PBXResourcesBuildPhase;
			buildActionMask = 2147483647;
			files = (
				8412B6D221FFFD8100EA728D /* LaunchScreen.storyboard in Resources */,
				11BFD2FE234752AC008123C5 /* Localizable.strings in Resources */,
				8412B6CD21FFFD7D00EA728D /* Main.storyboard in Resources */,
				11BFD2F523474EA8008123C5 /* Assets.xcassets in Resources */,
			);
			runOnlyForDeploymentPostprocessing = 0;
		};
/* End PBXResourcesBuildPhase section */

/* Begin PBXShellScriptBuildPhase section */
		00C32ABC8B6FB73D0DB074B5 /* [CP] Check Pods Manifest.lock */ = {
			isa = PBXShellScriptBuildPhase;
			buildActionMask = 2147483647;
			files = (
			);
			inputFileListPaths = (
			);
			inputPaths = (
				"${PODS_PODFILE_DIR_PATH}/Podfile.lock",
				"${PODS_ROOT}/Manifest.lock",
			);
			name = "[CP] Check Pods Manifest.lock";
			outputFileListPaths = (
			);
			outputPaths = (
				"$(DERIVED_FILE_DIR)/Pods-Contacts-checkManifestLockResult.txt",
			);
			runOnlyForDeploymentPostprocessing = 0;
			shellPath = /bin/sh;
			shellScript = "diff \"${PODS_PODFILE_DIR_PATH}/Podfile.lock\" \"${PODS_ROOT}/Manifest.lock\" > /dev/null\nif [ $? != 0 ] ; then\n    # print error to STDERR\n    echo \"error: The sandbox is not in sync with the Podfile.lock. Run 'pod install' or update your CocoaPods installation.\" >&2\n    exit 1\nfi\n# This output is used by Xcode 'outputs' to avoid re-running this script phase.\necho \"SUCCESS\" > \"${SCRIPT_OUTPUT_FILE_0}\"\n";
			showEnvVarsInLog = 0;
		};
		11BFD30123475AA8008123C5 /* SwiftGen RunScript */ = {
			isa = PBXShellScriptBuildPhase;
			buildActionMask = 2147483647;
			files = (
			);
			inputFileListPaths = (
			);
			inputPaths = (
			);
			name = "SwiftGen RunScript";
			outputFileListPaths = (
			);
			outputPaths = (
			);
			runOnlyForDeploymentPostprocessing = 0;
			shellPath = /bin/sh;
			shellScript = "swiftgen\n";
		};
/* End PBXShellScriptBuildPhase section */

/* Begin PBXSourcesBuildPhase section */
		8412B6C021FFFD7D00EA728D /* Sources */ = {
			isa = PBXSourcesBuildPhase;
			buildActionMask = 2147483647;
			files = (
				11BFD2F9234750FE008123C5 /* Localized+Runtime.swift in Sources */,
				11BFD2FB23475149008123C5 /* Localized.swift in Sources */,
				844B9283223766DB00BF79DE /* ContactsListViewController.swift in Sources */,
				11BFD2E72347488A008123C5 /* Environment.swift in Sources */,
				8412B6C821FFFD7D00EA728D /* AppDelegate.swift in Sources */,
				846137C5220555E9009194EA /* ContactDetailsViewController.swift in Sources */,
			);
			runOnlyForDeploymentPostprocessing = 0;
		};
/* End PBXSourcesBuildPhase section */

/* Begin PBXVariantGroup section */
		11BFD300234752AC008123C5 /* Localizable.strings */ = {
			isa = PBXVariantGroup;
			children = (
				11BFD2FF234752AC008123C5 /* en */,
			);
			name = Localizable.strings;
			sourceTree = "<group>";
		};
		8412B6CB21FFFD7D00EA728D /* Main.storyboard */ = {
			isa = PBXVariantGroup;
			children = (
				8412B6CC21FFFD7D00EA728D /* Base */,
			);
			name = Main.storyboard;
			sourceTree = "<group>";
		};
		8412B6D021FFFD8100EA728D /* LaunchScreen.storyboard */ = {
			isa = PBXVariantGroup;
			children = (
				8412B6D121FFFD8100EA728D /* Base */,
			);
			name = LaunchScreen.storyboard;
			sourceTree = "<group>";
		};
/* End PBXVariantGroup section */

/* Begin XCBuildConfiguration section */
		11BFD2EC23474A12008123C5 /* Live Debug */ = {
			isa = XCBuildConfiguration;
			baseConfigurationReference = 11BFD2EB234748FE008123C5 /* live.xcconfig */;
			buildSettings = {
				ALWAYS_SEARCH_USER_PATHS = NO;
				CLANG_ANALYZER_NONNULL = YES;
				CLANG_ANALYZER_NUMBER_OBJECT_CONVERSION = YES_AGGRESSIVE;
				CLANG_CXX_LANGUAGE_STANDARD = "gnu++14";
				CLANG_CXX_LIBRARY = "libc++";
				CLANG_ENABLE_MODULES = YES;
				CLANG_ENABLE_OBJC_ARC = YES;
				CLANG_ENABLE_OBJC_WEAK = YES;
				CLANG_WARN_BLOCK_CAPTURE_AUTORELEASING = YES;
				CLANG_WARN_BOOL_CONVERSION = YES;
				CLANG_WARN_COMMA = YES;
				CLANG_WARN_CONSTANT_CONVERSION = YES;
				CLANG_WARN_DEPRECATED_OBJC_IMPLEMENTATIONS = YES;
				CLANG_WARN_DIRECT_OBJC_ISA_USAGE = YES_ERROR;
				CLANG_WARN_DOCUMENTATION_COMMENTS = YES;
				CLANG_WARN_EMPTY_BODY = YES;
				CLANG_WARN_ENUM_CONVERSION = YES;
				CLANG_WARN_INFINITE_RECURSION = YES;
				CLANG_WARN_INT_CONVERSION = YES;
				CLANG_WARN_NON_LITERAL_NULL_CONVERSION = YES;
				CLANG_WARN_OBJC_IMPLICIT_RETAIN_SELF = YES;
				CLANG_WARN_OBJC_LITERAL_CONVERSION = YES;
				CLANG_WARN_OBJC_ROOT_CLASS = YES_ERROR;
				CLANG_WARN_RANGE_LOOP_ANALYSIS = YES;
				CLANG_WARN_STRICT_PROTOTYPES = YES;
				CLANG_WARN_SUSPICIOUS_MOVE = YES;
				CLANG_WARN_UNGUARDED_AVAILABILITY = YES_AGGRESSIVE;
				CLANG_WARN_UNREACHABLE_CODE = YES;
				CLANG_WARN__DUPLICATE_METHOD_MATCH = YES;
				CODE_SIGN_IDENTITY = "iPhone Developer";
				COPY_PHASE_STRIP = NO;
				DEBUG_INFORMATION_FORMAT = dwarf;
				ENABLE_STRICT_OBJC_MSGSEND = YES;
				ENABLE_TESTABILITY = YES;
				GCC_C_LANGUAGE_STANDARD = gnu11;
				GCC_DYNAMIC_NO_PIC = NO;
				GCC_NO_COMMON_BLOCKS = YES;
				GCC_OPTIMIZATION_LEVEL = 0;
				GCC_PREPROCESSOR_DEFINITIONS = (
					"DEBUG=1",
					"$(inherited)",
				);
				GCC_WARN_64_TO_32_BIT_CONVERSION = YES;
				GCC_WARN_ABOUT_RETURN_TYPE = YES_ERROR;
				GCC_WARN_UNDECLARED_SELECTOR = YES;
				GCC_WARN_UNINITIALIZED_AUTOS = YES_AGGRESSIVE;
				GCC_WARN_UNUSED_FUNCTION = YES;
				GCC_WARN_UNUSED_VARIABLE = YES;
				IPHONEOS_DEPLOYMENT_TARGET = 12.1;
				MTL_ENABLE_DEBUG_INFO = INCLUDE_SOURCE;
				MTL_FAST_MATH = YES;
				ONLY_ACTIVE_ARCH = YES;
				SDKROOT = iphoneos;
				SWIFT_ACTIVE_COMPILATION_CONDITIONS = DEBUG;
				SWIFT_OPTIMIZATION_LEVEL = "-Onone";
			};
			name = "Live Debug";
		};
		11BFD2ED23474A12008123C5 /* Live Debug */ = {
			isa = XCBuildConfiguration;
			baseConfigurationReference = 52E9ABDEA9F0A78E8EFD6245 /* Pods-Contacts.live debug.xcconfig */;
			buildSettings = {
				ASSETCATALOG_COMPILER_APPICON_NAME = AppIcon;
				CODE_SIGN_STYLE = Automatic;
				DEVELOPMENT_TEAM = 64SFR68HJX;
				INFOPLIST_FILE = Contacts/Resources/Info.plist;
				IPHONEOS_DEPLOYMENT_TARGET = 10.0;
				LD_RUNPATH_SEARCH_PATHS = (
					"$(inherited)",
					"@executable_path/Frameworks",
				);
				PRODUCT_BUNDLE_IDENTIFIER = "go-jek.Contacts";
				PRODUCT_NAME = "$(TARGET_NAME)";
				SWIFT_VERSION = 5.0;
				TARGETED_DEVICE_FAMILY = "1,2";
			};
			name = "Live Debug";
		};
		11BFD2EE23474A15008123C5 /* Stage Debug */ = {
			isa = XCBuildConfiguration;
			baseConfigurationReference = 11BFD2E8234748BD008123C5 /* stage.xcconfig */;
			buildSettings = {
				ALWAYS_SEARCH_USER_PATHS = NO;
				CLANG_ANALYZER_NONNULL = YES;
				CLANG_ANALYZER_NUMBER_OBJECT_CONVERSION = YES_AGGRESSIVE;
				CLANG_CXX_LANGUAGE_STANDARD = "gnu++14";
				CLANG_CXX_LIBRARY = "libc++";
				CLANG_ENABLE_MODULES = YES;
				CLANG_ENABLE_OBJC_ARC = YES;
				CLANG_ENABLE_OBJC_WEAK = YES;
				CLANG_WARN_BLOCK_CAPTURE_AUTORELEASING = YES;
				CLANG_WARN_BOOL_CONVERSION = YES;
				CLANG_WARN_COMMA = YES;
				CLANG_WARN_CONSTANT_CONVERSION = YES;
				CLANG_WARN_DEPRECATED_OBJC_IMPLEMENTATIONS = YES;
				CLANG_WARN_DIRECT_OBJC_ISA_USAGE = YES_ERROR;
				CLANG_WARN_DOCUMENTATION_COMMENTS = YES;
				CLANG_WARN_EMPTY_BODY = YES;
				CLANG_WARN_ENUM_CONVERSION = YES;
				CLANG_WARN_INFINITE_RECURSION = YES;
				CLANG_WARN_INT_CONVERSION = YES;
				CLANG_WARN_NON_LITERAL_NULL_CONVERSION = YES;
				CLANG_WARN_OBJC_IMPLICIT_RETAIN_SELF = YES;
				CLANG_WARN_OBJC_LITERAL_CONVERSION = YES;
				CLANG_WARN_OBJC_ROOT_CLASS = YES_ERROR;
				CLANG_WARN_RANGE_LOOP_ANALYSIS = YES;
				CLANG_WARN_STRICT_PROTOTYPES = YES;
				CLANG_WARN_SUSPICIOUS_MOVE = YES;
				CLANG_WARN_UNGUARDED_AVAILABILITY = YES_AGGRESSIVE;
				CLANG_WARN_UNREACHABLE_CODE = YES;
				CLANG_WARN__DUPLICATE_METHOD_MATCH = YES;
				CODE_SIGN_IDENTITY = "iPhone Developer";
				COPY_PHASE_STRIP = NO;
				DEBUG_INFORMATION_FORMAT = dwarf;
				ENABLE_STRICT_OBJC_MSGSEND = YES;
				ENABLE_TESTABILITY = YES;
				GCC_C_LANGUAGE_STANDARD = gnu11;
				GCC_DYNAMIC_NO_PIC = NO;
				GCC_NO_COMMON_BLOCKS = YES;
				GCC_OPTIMIZATION_LEVEL = 0;
				GCC_PREPROCESSOR_DEFINITIONS = (
					"DEBUG=1",
					"$(inherited)",
				);
				GCC_WARN_64_TO_32_BIT_CONVERSION = YES;
				GCC_WARN_ABOUT_RETURN_TYPE = YES_ERROR;
				GCC_WARN_UNDECLARED_SELECTOR = YES;
				GCC_WARN_UNINITIALIZED_AUTOS = YES_AGGRESSIVE;
				GCC_WARN_UNUSED_FUNCTION = YES;
				GCC_WARN_UNUSED_VARIABLE = YES;
				IPHONEOS_DEPLOYMENT_TARGET = 12.1;
				MTL_ENABLE_DEBUG_INFO = INCLUDE_SOURCE;
				MTL_FAST_MATH = YES;
				ONLY_ACTIVE_ARCH = YES;
				SDKROOT = iphoneos;
				SWIFT_ACTIVE_COMPILATION_CONDITIONS = DEBUG;
				SWIFT_OPTIMIZATION_LEVEL = "-Onone";
			};
			name = "Stage Debug";
		};
		11BFD2EF23474A15008123C5 /* Stage Debug */ = {
			isa = XCBuildConfiguration;
			baseConfigurationReference = 8AFAB4DAE9668BC96696A1E9 /* Pods-Contacts.stage debug.xcconfig */;
			buildSettings = {
				ASSETCATALOG_COMPILER_APPICON_NAME = AppIcon;
				CODE_SIGN_STYLE = Automatic;
				DEVELOPMENT_TEAM = 64SFR68HJX;
				INFOPLIST_FILE = Contacts/Resources/Info.plist;
				IPHONEOS_DEPLOYMENT_TARGET = 10.0;
				LD_RUNPATH_SEARCH_PATHS = (
					"$(inherited)",
					"@executable_path/Frameworks",
				);
				PRODUCT_BUNDLE_IDENTIFIER = "go-jek.Contacts";
				PRODUCT_NAME = "$(TARGET_NAME)";
				SWIFT_VERSION = 5.0;
				TARGETED_DEVICE_FAMILY = "1,2";
			};
			name = "Stage Debug";
		};
		11BFD2F023474A1C008123C5 /* Stage Release */ = {
			isa = XCBuildConfiguration;
			baseConfigurationReference = 11BFD2E8234748BD008123C5 /* stage.xcconfig */;
			buildSettings = {
				ALWAYS_SEARCH_USER_PATHS = NO;
				CLANG_ANALYZER_NONNULL = YES;
				CLANG_ANALYZER_NUMBER_OBJECT_CONVERSION = YES_AGGRESSIVE;
				CLANG_CXX_LANGUAGE_STANDARD = "gnu++14";
				CLANG_CXX_LIBRARY = "libc++";
				CLANG_ENABLE_MODULES = YES;
				CLANG_ENABLE_OBJC_ARC = YES;
				CLANG_ENABLE_OBJC_WEAK = YES;
				CLANG_WARN_BLOCK_CAPTURE_AUTORELEASING = YES;
				CLANG_WARN_BOOL_CONVERSION = YES;
				CLANG_WARN_COMMA = YES;
				CLANG_WARN_CONSTANT_CONVERSION = YES;
				CLANG_WARN_DEPRECATED_OBJC_IMPLEMENTATIONS = YES;
				CLANG_WARN_DIRECT_OBJC_ISA_USAGE = YES_ERROR;
				CLANG_WARN_DOCUMENTATION_COMMENTS = YES;
				CLANG_WARN_EMPTY_BODY = YES;
				CLANG_WARN_ENUM_CONVERSION = YES;
				CLANG_WARN_INFINITE_RECURSION = YES;
				CLANG_WARN_INT_CONVERSION = YES;
				CLANG_WARN_NON_LITERAL_NULL_CONVERSION = YES;
				CLANG_WARN_OBJC_IMPLICIT_RETAIN_SELF = YES;
				CLANG_WARN_OBJC_LITERAL_CONVERSION = YES;
				CLANG_WARN_OBJC_ROOT_CLASS = YES_ERROR;
				CLANG_WARN_RANGE_LOOP_ANALYSIS = YES;
				CLANG_WARN_STRICT_PROTOTYPES = YES;
				CLANG_WARN_SUSPICIOUS_MOVE = YES;
				CLANG_WARN_UNGUARDED_AVAILABILITY = YES_AGGRESSIVE;
				CLANG_WARN_UNREACHABLE_CODE = YES;
				CLANG_WARN__DUPLICATE_METHOD_MATCH = YES;
				CODE_SIGN_IDENTITY = "iPhone Developer";
				COPY_PHASE_STRIP = NO;
				DEBUG_INFORMATION_FORMAT = "dwarf-with-dsym";
				ENABLE_NS_ASSERTIONS = NO;
				ENABLE_STRICT_OBJC_MSGSEND = YES;
				GCC_C_LANGUAGE_STANDARD = gnu11;
				GCC_NO_COMMON_BLOCKS = YES;
				GCC_WARN_64_TO_32_BIT_CONVERSION = YES;
				GCC_WARN_ABOUT_RETURN_TYPE = YES_ERROR;
				GCC_WARN_UNDECLARED_SELECTOR = YES;
				GCC_WARN_UNINITIALIZED_AUTOS = YES_AGGRESSIVE;
				GCC_WARN_UNUSED_FUNCTION = YES;
				GCC_WARN_UNUSED_VARIABLE = YES;
				IPHONEOS_DEPLOYMENT_TARGET = 12.1;
				MTL_ENABLE_DEBUG_INFO = NO;
				MTL_FAST_MATH = YES;
				SDKROOT = iphoneos;
				SWIFT_COMPILATION_MODE = wholemodule;
				SWIFT_OPTIMIZATION_LEVEL = "-O";
				VALIDATE_PRODUCT = YES;
			};
			name = "Stage Release";
		};
		11BFD2F123474A1C008123C5 /* Stage Release */ = {
			isa = XCBuildConfiguration;
			baseConfigurationReference = E5EE16F52E1E6964E6543DB0 /* Pods-Contacts.stage release.xcconfig */;
			buildSettings = {
				ASSETCATALOG_COMPILER_APPICON_NAME = AppIcon;
				CODE_SIGN_STYLE = Automatic;
				DEVELOPMENT_TEAM = 64SFR68HJX;
				INFOPLIST_FILE = Contacts/Resources/Info.plist;
				IPHONEOS_DEPLOYMENT_TARGET = 10.0;
				LD_RUNPATH_SEARCH_PATHS = (
					"$(inherited)",
					"@executable_path/Frameworks",
				);
				PRODUCT_BUNDLE_IDENTIFIER = "go-jek.Contacts";
				PRODUCT_NAME = "$(TARGET_NAME)";
				SWIFT_VERSION = 5.0;
				TARGETED_DEVICE_FAMILY = "1,2";
			};
			name = "Stage Release";
		};
		11BFD2F223474A24008123C5 /* Live Release */ = {
			isa = XCBuildConfiguration;
			baseConfigurationReference = 11BFD2EB234748FE008123C5 /* live.xcconfig */;
			buildSettings = {
				ALWAYS_SEARCH_USER_PATHS = NO;
				CLANG_ANALYZER_NONNULL = YES;
				CLANG_ANALYZER_NUMBER_OBJECT_CONVERSION = YES_AGGRESSIVE;
				CLANG_CXX_LANGUAGE_STANDARD = "gnu++14";
				CLANG_CXX_LIBRARY = "libc++";
				CLANG_ENABLE_MODULES = YES;
				CLANG_ENABLE_OBJC_ARC = YES;
				CLANG_ENABLE_OBJC_WEAK = YES;
				CLANG_WARN_BLOCK_CAPTURE_AUTORELEASING = YES;
				CLANG_WARN_BOOL_CONVERSION = YES;
				CLANG_WARN_COMMA = YES;
				CLANG_WARN_CONSTANT_CONVERSION = YES;
				CLANG_WARN_DEPRECATED_OBJC_IMPLEMENTATIONS = YES;
				CLANG_WARN_DIRECT_OBJC_ISA_USAGE = YES_ERROR;
				CLANG_WARN_DOCUMENTATION_COMMENTS = YES;
				CLANG_WARN_EMPTY_BODY = YES;
				CLANG_WARN_ENUM_CONVERSION = YES;
				CLANG_WARN_INFINITE_RECURSION = YES;
				CLANG_WARN_INT_CONVERSION = YES;
				CLANG_WARN_NON_LITERAL_NULL_CONVERSION = YES;
				CLANG_WARN_OBJC_IMPLICIT_RETAIN_SELF = YES;
				CLANG_WARN_OBJC_LITERAL_CONVERSION = YES;
				CLANG_WARN_OBJC_ROOT_CLASS = YES_ERROR;
				CLANG_WARN_RANGE_LOOP_ANALYSIS = YES;
				CLANG_WARN_STRICT_PROTOTYPES = YES;
				CLANG_WARN_SUSPICIOUS_MOVE = YES;
				CLANG_WARN_UNGUARDED_AVAILABILITY = YES_AGGRESSIVE;
				CLANG_WARN_UNREACHABLE_CODE = YES;
				CLANG_WARN__DUPLICATE_METHOD_MATCH = YES;
				CODE_SIGN_IDENTITY = "iPhone Developer";
				COPY_PHASE_STRIP = NO;
				DEBUG_INFORMATION_FORMAT = "dwarf-with-dsym";
				ENABLE_NS_ASSERTIONS = NO;
				ENABLE_STRICT_OBJC_MSGSEND = YES;
				GCC_C_LANGUAGE_STANDARD = gnu11;
				GCC_NO_COMMON_BLOCKS = YES;
				GCC_WARN_64_TO_32_BIT_CONVERSION = YES;
				GCC_WARN_ABOUT_RETURN_TYPE = YES_ERROR;
				GCC_WARN_UNDECLARED_SELECTOR = YES;
				GCC_WARN_UNINITIALIZED_AUTOS = YES_AGGRESSIVE;
				GCC_WARN_UNUSED_FUNCTION = YES;
				GCC_WARN_UNUSED_VARIABLE = YES;
				IPHONEOS_DEPLOYMENT_TARGET = 12.1;
				MTL_ENABLE_DEBUG_INFO = NO;
				MTL_FAST_MATH = YES;
				SDKROOT = iphoneos;
				SWIFT_COMPILATION_MODE = wholemodule;
				SWIFT_OPTIMIZATION_LEVEL = "-O";
				VALIDATE_PRODUCT = YES;
			};
			name = "Live Release";
		};
		11BFD2F323474A24008123C5 /* Live Release */ = {
			isa = XCBuildConfiguration;
			baseConfigurationReference = A6901CC47D538B51074FF450 /* Pods-Contacts.live release.xcconfig */;
			buildSettings = {
				ASSETCATALOG_COMPILER_APPICON_NAME = AppIcon;
				CODE_SIGN_STYLE = Automatic;
				DEVELOPMENT_TEAM = 64SFR68HJX;
				INFOPLIST_FILE = Contacts/Resources/Info.plist;
				IPHONEOS_DEPLOYMENT_TARGET = 10.0;
				LD_RUNPATH_SEARCH_PATHS = (
					"$(inherited)",
					"@executable_path/Frameworks",
				);
				PRODUCT_BUNDLE_IDENTIFIER = "go-jek.Contacts";
				PRODUCT_NAME = "$(TARGET_NAME)";
				SWIFT_VERSION = 5.0;
				TARGETED_DEVICE_FAMILY = "1,2";
			};
			name = "Live Release";
		};
		8412B6EA21FFFD8100EA728D /* Debug */ = {
			isa = XCBuildConfiguration;
			baseConfigurationReference = 11BFD2E8234748BD008123C5 /* stage.xcconfig */;
			buildSettings = {
				ALWAYS_SEARCH_USER_PATHS = NO;
				CLANG_ANALYZER_NONNULL = YES;
				CLANG_ANALYZER_NUMBER_OBJECT_CONVERSION = YES_AGGRESSIVE;
				CLANG_CXX_LANGUAGE_STANDARD = "gnu++14";
				CLANG_CXX_LIBRARY = "libc++";
				CLANG_ENABLE_MODULES = YES;
				CLANG_ENABLE_OBJC_ARC = YES;
				CLANG_ENABLE_OBJC_WEAK = YES;
				CLANG_WARN_BLOCK_CAPTURE_AUTORELEASING = YES;
				CLANG_WARN_BOOL_CONVERSION = YES;
				CLANG_WARN_COMMA = YES;
				CLANG_WARN_CONSTANT_CONVERSION = YES;
				CLANG_WARN_DEPRECATED_OBJC_IMPLEMENTATIONS = YES;
				CLANG_WARN_DIRECT_OBJC_ISA_USAGE = YES_ERROR;
				CLANG_WARN_DOCUMENTATION_COMMENTS = YES;
				CLANG_WARN_EMPTY_BODY = YES;
				CLANG_WARN_ENUM_CONVERSION = YES;
				CLANG_WARN_INFINITE_RECURSION = YES;
				CLANG_WARN_INT_CONVERSION = YES;
				CLANG_WARN_NON_LITERAL_NULL_CONVERSION = YES;
				CLANG_WARN_OBJC_IMPLICIT_RETAIN_SELF = YES;
				CLANG_WARN_OBJC_LITERAL_CONVERSION = YES;
				CLANG_WARN_OBJC_ROOT_CLASS = YES_ERROR;
				CLANG_WARN_RANGE_LOOP_ANALYSIS = YES;
				CLANG_WARN_STRICT_PROTOTYPES = YES;
				CLANG_WARN_SUSPICIOUS_MOVE = YES;
				CLANG_WARN_UNGUARDED_AVAILABILITY = YES_AGGRESSIVE;
				CLANG_WARN_UNREACHABLE_CODE = YES;
				CLANG_WARN__DUPLICATE_METHOD_MATCH = YES;
				CODE_SIGN_IDENTITY = "iPhone Developer";
				COPY_PHASE_STRIP = NO;
				DEBUG_INFORMATION_FORMAT = dwarf;
				ENABLE_STRICT_OBJC_MSGSEND = YES;
				ENABLE_TESTABILITY = YES;
				GCC_C_LANGUAGE_STANDARD = gnu11;
				GCC_DYNAMIC_NO_PIC = NO;
				GCC_NO_COMMON_BLOCKS = YES;
				GCC_OPTIMIZATION_LEVEL = 0;
				GCC_PREPROCESSOR_DEFINITIONS = (
					"DEBUG=1",
					"$(inherited)",
				);
				GCC_WARN_64_TO_32_BIT_CONVERSION = YES;
				GCC_WARN_ABOUT_RETURN_TYPE = YES_ERROR;
				GCC_WARN_UNDECLARED_SELECTOR = YES;
				GCC_WARN_UNINITIALIZED_AUTOS = YES_AGGRESSIVE;
				GCC_WARN_UNUSED_FUNCTION = YES;
				GCC_WARN_UNUSED_VARIABLE = YES;
				IPHONEOS_DEPLOYMENT_TARGET = 12.1;
				MTL_ENABLE_DEBUG_INFO = INCLUDE_SOURCE;
				MTL_FAST_MATH = YES;
				ONLY_ACTIVE_ARCH = YES;
				SDKROOT = iphoneos;
				SWIFT_ACTIVE_COMPILATION_CONDITIONS = DEBUG;
				SWIFT_OPTIMIZATION_LEVEL = "-Onone";
			};
			name = Debug;
		};
		8412B6EB21FFFD8100EA728D /* Release */ = {
			isa = XCBuildConfiguration;
			baseConfigurationReference = 11BFD2EB234748FE008123C5 /* live.xcconfig */;
			buildSettings = {
				ALWAYS_SEARCH_USER_PATHS = NO;
				CLANG_ANALYZER_NONNULL = YES;
				CLANG_ANALYZER_NUMBER_OBJECT_CONVERSION = YES_AGGRESSIVE;
				CLANG_CXX_LANGUAGE_STANDARD = "gnu++14";
				CLANG_CXX_LIBRARY = "libc++";
				CLANG_ENABLE_MODULES = YES;
				CLANG_ENABLE_OBJC_ARC = YES;
				CLANG_ENABLE_OBJC_WEAK = YES;
				CLANG_WARN_BLOCK_CAPTURE_AUTORELEASING = YES;
				CLANG_WARN_BOOL_CONVERSION = YES;
				CLANG_WARN_COMMA = YES;
				CLANG_WARN_CONSTANT_CONVERSION = YES;
				CLANG_WARN_DEPRECATED_OBJC_IMPLEMENTATIONS = YES;
				CLANG_WARN_DIRECT_OBJC_ISA_USAGE = YES_ERROR;
				CLANG_WARN_DOCUMENTATION_COMMENTS = YES;
				CLANG_WARN_EMPTY_BODY = YES;
				CLANG_WARN_ENUM_CONVERSION = YES;
				CLANG_WARN_INFINITE_RECURSION = YES;
				CLANG_WARN_INT_CONVERSION = YES;
				CLANG_WARN_NON_LITERAL_NULL_CONVERSION = YES;
				CLANG_WARN_OBJC_IMPLICIT_RETAIN_SELF = YES;
				CLANG_WARN_OBJC_LITERAL_CONVERSION = YES;
				CLANG_WARN_OBJC_ROOT_CLASS = YES_ERROR;
				CLANG_WARN_RANGE_LOOP_ANALYSIS = YES;
				CLANG_WARN_STRICT_PROTOTYPES = YES;
				CLANG_WARN_SUSPICIOUS_MOVE = YES;
				CLANG_WARN_UNGUARDED_AVAILABILITY = YES_AGGRESSIVE;
				CLANG_WARN_UNREACHABLE_CODE = YES;
				CLANG_WARN__DUPLICATE_METHOD_MATCH = YES;
				CODE_SIGN_IDENTITY = "iPhone Developer";
				COPY_PHASE_STRIP = NO;
				DEBUG_INFORMATION_FORMAT = "dwarf-with-dsym";
				ENABLE_NS_ASSERTIONS = NO;
				ENABLE_STRICT_OBJC_MSGSEND = YES;
				GCC_C_LANGUAGE_STANDARD = gnu11;
				GCC_NO_COMMON_BLOCKS = YES;
				GCC_WARN_64_TO_32_BIT_CONVERSION = YES;
				GCC_WARN_ABOUT_RETURN_TYPE = YES_ERROR;
				GCC_WARN_UNDECLARED_SELECTOR = YES;
				GCC_WARN_UNINITIALIZED_AUTOS = YES_AGGRESSIVE;
				GCC_WARN_UNUSED_FUNCTION = YES;
				GCC_WARN_UNUSED_VARIABLE = YES;
				IPHONEOS_DEPLOYMENT_TARGET = 12.1;
				MTL_ENABLE_DEBUG_INFO = NO;
				MTL_FAST_MATH = YES;
				SDKROOT = iphoneos;
				SWIFT_COMPILATION_MODE = wholemodule;
				SWIFT_OPTIMIZATION_LEVEL = "-O";
				VALIDATE_PRODUCT = YES;
			};
			name = Release;
		};
		8412B6ED21FFFD8100EA728D /* Debug */ = {
			isa = XCBuildConfiguration;
			baseConfigurationReference = 710FAB9EDD9617659D6EE143 /* Pods-Contacts.debug.xcconfig */;
			buildSettings = {
				ASSETCATALOG_COMPILER_APPICON_NAME = AppIcon;
				CODE_SIGN_STYLE = Automatic;
				DEVELOPMENT_TEAM = 64SFR68HJX;
				INFOPLIST_FILE = Contacts/Resources/Info.plist;
				IPHONEOS_DEPLOYMENT_TARGET = 10.0;
				LD_RUNPATH_SEARCH_PATHS = (
					"$(inherited)",
					"@executable_path/Frameworks",
				);
				PRODUCT_BUNDLE_IDENTIFIER = "go-jek.Contacts";
				PRODUCT_NAME = "$(TARGET_NAME)";
				SWIFT_VERSION = 5.0;
				TARGETED_DEVICE_FAMILY = "1,2";
			};
			name = Debug;
		};
		8412B6EE21FFFD8100EA728D /* Release */ = {
			isa = XCBuildConfiguration;
			baseConfigurationReference = 0C42CE384B763ED8C3D5DD58 /* Pods-Contacts.release.xcconfig */;
			buildSettings = {
				ASSETCATALOG_COMPILER_APPICON_NAME = AppIcon;
				CODE_SIGN_STYLE = Automatic;
				DEVELOPMENT_TEAM = 64SFR68HJX;
				INFOPLIST_FILE = Contacts/Resources/Info.plist;
				IPHONEOS_DEPLOYMENT_TARGET = 10.0;
				LD_RUNPATH_SEARCH_PATHS = (
					"$(inherited)",
					"@executable_path/Frameworks",
				);
				PRODUCT_BUNDLE_IDENTIFIER = "go-jek.Contacts";
				PRODUCT_NAME = "$(TARGET_NAME)";
				SWIFT_VERSION = 5.0;
				TARGETED_DEVICE_FAMILY = "1,2";
			};
			name = Release;
		};
/* End XCBuildConfiguration section */

/* Begin XCConfigurationList section */
		8412B6BF21FFFD7D00EA728D /* Build configuration list for PBXProject "Contacts" */ = {
			isa = XCConfigurationList;
			buildConfigurations = (
				8412B6EA21FFFD8100EA728D /* Debug */,
				11BFD2EE23474A15008123C5 /* Stage Debug */,
				11BFD2EC23474A12008123C5 /* Live Debug */,
				8412B6EB21FFFD8100EA728D /* Release */,
				11BFD2F023474A1C008123C5 /* Stage Release */,
				11BFD2F223474A24008123C5 /* Live Release */,
			);
			defaultConfigurationIsVisible = 0;
			defaultConfigurationName = Release;
		};
		8412B6EC21FFFD8100EA728D /* Build configuration list for PBXNativeTarget "Contacts" */ = {
			isa = XCConfigurationList;
			buildConfigurations = (
				8412B6ED21FFFD8100EA728D /* Debug */,
				11BFD2EF23474A15008123C5 /* Stage Debug */,
				11BFD2ED23474A12008123C5 /* Live Debug */,
				8412B6EE21FFFD8100EA728D /* Release */,
				11BFD2F123474A1C008123C5 /* Stage Release */,
				11BFD2F323474A24008123C5 /* Live Release */,
			);
			defaultConfigurationIsVisible = 0;
			defaultConfigurationName = Release;
		};
/* End XCConfigurationList section */
	};
	rootObject = 8412B6BC21FFFD7D00EA728D /* Project object */;
}
